// !$*UTF8*$!
{
	archiveVersion = 1;
	classes = {
	};
	objectVersion = 46;
	objects = {

/* Begin PBXBuildFile section */
		1BE9F4EB675544DEAC43820D /* libPods.a in Frameworks */ = {isa = PBXBuildFile; fileRef = BFA85CBDC67442B2A5052135 /* libPods.a */; };
		267E92CF2352486981965091 /* libPods.a in Frameworks */ = {isa = PBXBuildFile; fileRef = BFA85CBDC67442B2A5052135 /* libPods.a */; };
		9A536129193F90E000E87F4F /* Foundation.framework in Frameworks */ = {isa = PBXBuildFile; fileRef = 9A536128193F90E000E87F4F /* Foundation.framework */; };
		9A53612B193F90E000E87F4F /* CoreGraphics.framework in Frameworks */ = {isa = PBXBuildFile; fileRef = 9A53612A193F90E000E87F4F /* CoreGraphics.framework */; };
		9A53612D193F90E000E87F4F /* UIKit.framework in Frameworks */ = {isa = PBXBuildFile; fileRef = 9A53612C193F90E000E87F4F /* UIKit.framework */; };
		9A53612F193F90E000E87F4F /* CoreData.framework in Frameworks */ = {isa = PBXBuildFile; fileRef = 9A53612E193F90E000E87F4F /* CoreData.framework */; };
		9A536135193F90E000E87F4F /* InfoPlist.strings in Resources */ = {isa = PBXBuildFile; fileRef = 9A536133193F90E000E87F4F /* InfoPlist.strings */; };
		9A536137193F90E000E87F4F /* main.m in Sources */ = {isa = PBXBuildFile; fileRef = 9A536136193F90E000E87F4F /* main.m */; };
		9A53613B193F90E000E87F4F /* RZAppDelegate.m in Sources */ = {isa = PBXBuildFile; fileRef = 9A53613A193F90E000E87F4F /* RZAppDelegate.m */; };
		9A53613E193F90E000E87F4F /* RZVinylDemo.xcdatamodeld in Sources */ = {isa = PBXBuildFile; fileRef = 9A53613C193F90E000E87F4F /* RZVinylDemo.xcdatamodeld */; };
		9A536140193F90E000E87F4F /* Images.xcassets in Resources */ = {isa = PBXBuildFile; fileRef = 9A53613F193F90E000E87F4F /* Images.xcassets */; };
		9A74A5C81946488100A06937 /* Artist+RZVinyl.m in Sources */ = {isa = PBXBuildFile; fileRef = 9A74A5C71946488100A06937 /* Artist+RZVinyl.m */; };
		9AB90809193FD7F70063445A /* XCTest.framework in Frameworks */ = {isa = PBXBuildFile; fileRef = 9A536146193F90E000E87F4F /* XCTest.framework */; };
		9AB9080A193FD7F70063445A /* Foundation.framework in Frameworks */ = {isa = PBXBuildFile; fileRef = 9A536128193F90E000E87F4F /* Foundation.framework */; };
		9AB9080B193FD7F70063445A /* UIKit.framework in Frameworks */ = {isa = PBXBuildFile; fileRef = 9A53612C193F90E000E87F4F /* UIKit.framework */; };
		9AB90811193FD7F70063445A /* InfoPlist.strings in Resources */ = {isa = PBXBuildFile; fileRef = 9AB9080F193FD7F70063445A /* InfoPlist.strings */; };
		9AB9081B193FD8330063445A /* RZCoreDataStackConfigTests.m in Sources */ = {isa = PBXBuildFile; fileRef = 9AB9081A193FD8330063445A /* RZCoreDataStackConfigTests.m */; };
		9AB908261940D7BC0063445A /* TestModel.xcdatamodeld in Sources */ = {isa = PBXBuildFile; fileRef = 9AB908241940D7BC0063445A /* TestModel.xcdatamodeld */; };
		9AB90876194104860063445A /* RZVinylRecordTests.m in Sources */ = {isa = PBXBuildFile; fileRef = 9AB90875194104860063445A /* RZVinylRecordTests.m */; };
		9AB908791941065F0063445A /* Song.m in Sources */ = {isa = PBXBuildFile; fileRef = 9AB908781941065F0063445A /* Song.m */; };
		9AB9087C1941065F0063445A /* Artist.m in Sources */ = {isa = PBXBuildFile; fileRef = 9AB9087B1941065F0063445A /* Artist.m */; };
		9AB9087F1941065F0063445A /* BaseObject.m in Sources */ = {isa = PBXBuildFile; fileRef = 9AB9087E1941065F0063445A /* BaseObject.m */; };
		9AB90883194107C30063445A /* BaseObject+RZVinyl.m in Sources */ = {isa = PBXBuildFile; fileRef = 9AB90882194107C30063445A /* BaseObject+RZVinyl.m */; };
		9AB9088619410A2D0063445A /* RZWaiter.m in Sources */ = {isa = PBXBuildFile; fileRef = 9AB9088519410A2D0063445A /* RZWaiter.m */; };
		9AB9088A194113D60063445A /* record_tests.json in Resources */ = {isa = PBXBuildFile; fileRef = 9AB90889194113D60063445A /* record_tests.json */; };
		9AD8B1CE1944BBD8009C7823 /* RZVinylImportTests.m in Sources */ = {isa = PBXBuildFile; fileRef = 9AD8B1CD1944BBD8009C7823 /* RZVinylImportTests.m */; };
		9AD8B1D01944BCE8009C7823 /* RZVinylBaseTestCase.m in Sources */ = {isa = PBXBuildFile; fileRef = 9AD8B1CF1944BCE8009C7823 /* RZVinylBaseTestCase.m */; };
/* End PBXBuildFile section */

/* Begin PBXContainerItemProxy section */
		9AB90815193FD7F70063445A /* PBXContainerItemProxy */ = {
			isa = PBXContainerItemProxy;
			containerPortal = 9A53611D193F90E000E87F4F /* Project object */;
			proxyType = 1;
			remoteGlobalIDString = 9A536124193F90E000E87F4F;
			remoteInfo = RZVinylDemo;
		};
/* End PBXContainerItemProxy section */

/* Begin PBXFileReference section */
		9A536125193F90E000E87F4F /* RZVinylDemo.app */ = {isa = PBXFileReference; explicitFileType = wrapper.application; includeInIndex = 0; path = RZVinylDemo.app; sourceTree = BUILT_PRODUCTS_DIR; };
		9A536128193F90E000E87F4F /* Foundation.framework */ = {isa = PBXFileReference; lastKnownFileType = wrapper.framework; name = Foundation.framework; path = System/Library/Frameworks/Foundation.framework; sourceTree = SDKROOT; };
		9A53612A193F90E000E87F4F /* CoreGraphics.framework */ = {isa = PBXFileReference; lastKnownFileType = wrapper.framework; name = CoreGraphics.framework; path = System/Library/Frameworks/CoreGraphics.framework; sourceTree = SDKROOT; };
		9A53612C193F90E000E87F4F /* UIKit.framework */ = {isa = PBXFileReference; lastKnownFileType = wrapper.framework; name = UIKit.framework; path = System/Library/Frameworks/UIKit.framework; sourceTree = SDKROOT; };
		9A53612E193F90E000E87F4F /* CoreData.framework */ = {isa = PBXFileReference; lastKnownFileType = wrapper.framework; name = CoreData.framework; path = System/Library/Frameworks/CoreData.framework; sourceTree = SDKROOT; };
		9A536132193F90E000E87F4F /* RZVinylDemo-Info.plist */ = {isa = PBXFileReference; lastKnownFileType = text.plist.xml; path = "RZVinylDemo-Info.plist"; sourceTree = "<group>"; };
		9A536134193F90E000E87F4F /* en */ = {isa = PBXFileReference; lastKnownFileType = text.plist.strings; name = en; path = en.lproj/InfoPlist.strings; sourceTree = "<group>"; };
		9A536136193F90E000E87F4F /* main.m */ = {isa = PBXFileReference; lastKnownFileType = sourcecode.c.objc; path = main.m; sourceTree = "<group>"; };
		9A536138193F90E000E87F4F /* RZVinylDemo-Prefix.pch */ = {isa = PBXFileReference; lastKnownFileType = sourcecode.c.h; path = "RZVinylDemo-Prefix.pch"; sourceTree = "<group>"; };
		9A536139193F90E000E87F4F /* RZAppDelegate.h */ = {isa = PBXFileReference; lastKnownFileType = sourcecode.c.h; path = RZAppDelegate.h; sourceTree = "<group>"; };
		9A53613A193F90E000E87F4F /* RZAppDelegate.m */ = {isa = PBXFileReference; lastKnownFileType = sourcecode.c.objc; path = RZAppDelegate.m; sourceTree = "<group>"; };
		9A53613D193F90E000E87F4F /* RZVinylDemo.xcdatamodel */ = {isa = PBXFileReference; lastKnownFileType = wrapper.xcdatamodel; path = RZVinylDemo.xcdatamodel; sourceTree = "<group>"; };
		9A53613F193F90E000E87F4F /* Images.xcassets */ = {isa = PBXFileReference; lastKnownFileType = folder.assetcatalog; path = Images.xcassets; sourceTree = "<group>"; };
		9A536146193F90E000E87F4F /* XCTest.framework */ = {isa = PBXFileReference; lastKnownFileType = wrapper.framework; name = XCTest.framework; path = Library/Frameworks/XCTest.framework; sourceTree = DEVELOPER_DIR; };
		9A74A5C61946488100A06937 /* Artist+RZVinyl.h */ = {isa = PBXFileReference; fileEncoding = 4; lastKnownFileType = sourcecode.c.h; path = "Artist+RZVinyl.h"; sourceTree = "<group>"; };
		9A74A5C71946488100A06937 /* Artist+RZVinyl.m */ = {isa = PBXFileReference; fileEncoding = 4; lastKnownFileType = sourcecode.c.objc; path = "Artist+RZVinyl.m"; sourceTree = "<group>"; };
		9AB90808193FD7F70063445A /* RZVinylTests.xctest */ = {isa = PBXFileReference; explicitFileType = wrapper.cfbundle; includeInIndex = 0; path = RZVinylTests.xctest; sourceTree = BUILT_PRODUCTS_DIR; };
		9AB9080E193FD7F70063445A /* RZVinylTests-Info.plist */ = {isa = PBXFileReference; lastKnownFileType = text.plist.xml; path = "RZVinylTests-Info.plist"; sourceTree = "<group>"; };
		9AB90810193FD7F70063445A /* en */ = {isa = PBXFileReference; lastKnownFileType = text.plist.strings; name = en; path = en.lproj/InfoPlist.strings; sourceTree = "<group>"; };
		9AB90814193FD7F70063445A /* RZVinylTests-Prefix.pch */ = {isa = PBXFileReference; lastKnownFileType = sourcecode.c.h; path = "RZVinylTests-Prefix.pch"; sourceTree = "<group>"; };
		9AB9081A193FD8330063445A /* RZCoreDataStackConfigTests.m */ = {isa = PBXFileReference; fileEncoding = 4; lastKnownFileType = sourcecode.c.objc; path = RZCoreDataStackConfigTests.m; sourceTree = "<group>"; };
		9AB908251940D7BC0063445A /* TestModel.xcdatamodel */ = {isa = PBXFileReference; lastKnownFileType = wrapper.xcdatamodel; path = TestModel.xcdatamodel; sourceTree = "<group>"; };
		9AB90875194104860063445A /* RZVinylRecordTests.m */ = {isa = PBXFileReference; fileEncoding = 4; lastKnownFileType = sourcecode.c.objc; path = RZVinylRecordTests.m; sourceTree = "<group>"; };
		9AB908771941065F0063445A /* Song.h */ = {isa = PBXFileReference; fileEncoding = 4; lastKnownFileType = sourcecode.c.h; path = Song.h; sourceTree = "<group>"; };
		9AB908781941065F0063445A /* Song.m */ = {isa = PBXFileReference; fileEncoding = 4; lastKnownFileType = sourcecode.c.objc; path = Song.m; sourceTree = "<group>"; };
		9AB9087A1941065F0063445A /* Artist.h */ = {isa = PBXFileReference; fileEncoding = 4; lastKnownFileType = sourcecode.c.h; path = Artist.h; sourceTree = "<group>"; };
		9AB9087B1941065F0063445A /* Artist.m */ = {isa = PBXFileReference; fileEncoding = 4; lastKnownFileType = sourcecode.c.objc; path = Artist.m; sourceTree = "<group>"; };
		9AB9087D1941065F0063445A /* BaseObject.h */ = {isa = PBXFileReference; fileEncoding = 4; lastKnownFileType = sourcecode.c.h; path = BaseObject.h; sourceTree = "<group>"; };
		9AB9087E1941065F0063445A /* BaseObject.m */ = {isa = PBXFileReference; fileEncoding = 4; lastKnownFileType = sourcecode.c.objc; path = BaseObject.m; sourceTree = "<group>"; };
		9AB90881194107C30063445A /* BaseObject+RZVinyl.h */ = {isa = PBXFileReference; fileEncoding = 4; lastKnownFileType = sourcecode.c.h; path = "BaseObject+RZVinyl.h"; sourceTree = "<group>"; };
		9AB90882194107C30063445A /* BaseObject+RZVinyl.m */ = {isa = PBXFileReference; fileEncoding = 4; lastKnownFileType = sourcecode.c.objc; path = "BaseObject+RZVinyl.m"; sourceTree = "<group>"; };
		9AB9088419410A2D0063445A /* RZWaiter.h */ = {isa = PBXFileReference; fileEncoding = 4; lastKnownFileType = sourcecode.c.h; path = RZWaiter.h; sourceTree = "<group>"; };
		9AB9088519410A2D0063445A /* RZWaiter.m */ = {isa = PBXFileReference; fileEncoding = 4; lastKnownFileType = sourcecode.c.objc; path = RZWaiter.m; sourceTree = "<group>"; };
		9AB90889194113D60063445A /* record_tests.json */ = {isa = PBXFileReference; fileEncoding = 4; lastKnownFileType = text.json; path = record_tests.json; sourceTree = "<group>"; };
		9AD8B1CD1944BBD8009C7823 /* RZVinylImportTests.m */ = {isa = PBXFileReference; fileEncoding = 4; lastKnownFileType = sourcecode.c.objc; path = RZVinylImportTests.m; sourceTree = "<group>"; };
		9AD8B1CF1944BCE8009C7823 /* RZVinylBaseTestCase.m */ = {isa = PBXFileReference; fileEncoding = 4; lastKnownFileType = sourcecode.c.objc; path = RZVinylBaseTestCase.m; sourceTree = "<group>"; };
		9AD8B1D11944BD0C009C7823 /* RZVinylBaseTestCase.h */ = {isa = PBXFileReference; lastKnownFileType = sourcecode.c.h; path = RZVinylBaseTestCase.h; sourceTree = "<group>"; };
		A1D95C7607F3459FBDDA50C6 /* Pods.xcconfig */ = {isa = PBXFileReference; includeInIndex = 1; lastKnownFileType = text.xcconfig; name = Pods.xcconfig; path = Pods/Pods.xcconfig; sourceTree = "<group>"; };
		BFA85CBDC67442B2A5052135 /* libPods.a */ = {isa = PBXFileReference; explicitFileType = archive.ar; includeInIndex = 0; path = libPods.a; sourceTree = BUILT_PRODUCTS_DIR; };
/* End PBXFileReference section */

/* Begin PBXFrameworksBuildPhase section */
		9A536122193F90E000E87F4F /* Frameworks */ = {
			isa = PBXFrameworksBuildPhase;
			buildActionMask = 2147483647;
			files = (
				9A53612B193F90E000E87F4F /* CoreGraphics.framework in Frameworks */,
				9A53612F193F90E000E87F4F /* CoreData.framework in Frameworks */,
				9A53612D193F90E000E87F4F /* UIKit.framework in Frameworks */,
				9A536129193F90E000E87F4F /* Foundation.framework in Frameworks */,
				267E92CF2352486981965091 /* libPods.a in Frameworks */,
			);
			runOnlyForDeploymentPostprocessing = 0;
		};
		9AB90805193FD7F70063445A /* Frameworks */ = {
			isa = PBXFrameworksBuildPhase;
			buildActionMask = 2147483647;
			files = (
				9AB90809193FD7F70063445A /* XCTest.framework in Frameworks */,
				9AB9080B193FD7F70063445A /* UIKit.framework in Frameworks */,
				9AB9080A193FD7F70063445A /* Foundation.framework in Frameworks */,
				1BE9F4EB675544DEAC43820D /* libPods.a in Frameworks */,
			);
			runOnlyForDeploymentPostprocessing = 0;
		};
/* End PBXFrameworksBuildPhase section */

/* Begin PBXGroup section */
		9A53611C193F90E000E87F4F = {
			isa = PBXGroup;
			children = (
				9A536130193F90E000E87F4F /* RZVinylDemo */,
				9AB9080C193FD7F70063445A /* RZVinylTests */,
				9A536127193F90E000E87F4F /* Frameworks */,
				9A536126193F90E000E87F4F /* Products */,
				A1D95C7607F3459FBDDA50C6 /* Pods.xcconfig */,
			);
			sourceTree = "<group>";
		};
		9A536126193F90E000E87F4F /* Products */ = {
			isa = PBXGroup;
			children = (
				9A536125193F90E000E87F4F /* RZVinylDemo.app */,
				9AB90808193FD7F70063445A /* RZVinylTests.xctest */,
			);
			name = Products;
			sourceTree = "<group>";
		};
		9A536127193F90E000E87F4F /* Frameworks */ = {
			isa = PBXGroup;
			children = (
				9A536128193F90E000E87F4F /* Foundation.framework */,
				9A53612A193F90E000E87F4F /* CoreGraphics.framework */,
				9A53612C193F90E000E87F4F /* UIKit.framework */,
				9A53612E193F90E000E87F4F /* CoreData.framework */,
				9A536146193F90E000E87F4F /* XCTest.framework */,
				BFA85CBDC67442B2A5052135 /* libPods.a */,
			);
			name = Frameworks;
			sourceTree = "<group>";
		};
		9A536130193F90E000E87F4F /* RZVinylDemo */ = {
			isa = PBXGroup;
			children = (
				9A53615D193F91DA00E87F4F /* Application */,
				9A53615E193F91DF00E87F4F /* Data */,
				9A53615F193F91E700E87F4F /* Resources */,
				9A536131193F90E000E87F4F /* Supporting Files */,
				9A536160193F91ED00E87F4F /* View Controllers */,
			);
			path = RZVinylDemo;
			sourceTree = "<group>";
		};
		9A536131193F90E000E87F4F /* Supporting Files */ = {
			isa = PBXGroup;
			children = (
				9A536132193F90E000E87F4F /* RZVinylDemo-Info.plist */,
				9A536133193F90E000E87F4F /* InfoPlist.strings */,
				9A536136193F90E000E87F4F /* main.m */,
				9A536138193F90E000E87F4F /* RZVinylDemo-Prefix.pch */,
			);
			path = "Supporting Files";
			sourceTree = "<group>";
		};
		9A53615D193F91DA00E87F4F /* Application */ = {
			isa = PBXGroup;
			children = (
				9A536139193F90E000E87F4F /* RZAppDelegate.h */,
				9A53613A193F90E000E87F4F /* RZAppDelegate.m */,
			);
			path = Application;
			sourceTree = "<group>";
		};
		9A53615E193F91DF00E87F4F /* Data */ = {
			isa = PBXGroup;
			children = (
				9A53613C193F90E000E87F4F /* RZVinylDemo.xcdatamodeld */,
			);
			path = Data;
			sourceTree = "<group>";
		};
		9A53615F193F91E700E87F4F /* Resources */ = {
			isa = PBXGroup;
			children = (
				9A53613F193F90E000E87F4F /* Images.xcassets */,
			);
			path = Resources;
			sourceTree = "<group>";
		};
		9A536160193F91ED00E87F4F /* View Controllers */ = {
			isa = PBXGroup;
			children = (
			);
			path = "View Controllers";
			sourceTree = "<group>";
		};
		9AB9080C193FD7F70063445A /* RZVinylTests */ = {
			isa = PBXGroup;
			children = (
				9AB908231940D7AC0063445A /* Model */,
				9AB90888194113B50063445A /* Resources */,
				9AB9088719410A320063445A /* Utils */,
				9AB9081A193FD8330063445A /* RZCoreDataStackConfigTests.m */,
				9AD8B1D11944BD0C009C7823 /* RZVinylBaseTestCase.h */,
				9AD8B1CF1944BCE8009C7823 /* RZVinylBaseTestCase.m */,
				9AB90875194104860063445A /* RZVinylRecordTests.m */,
				9AD8B1CD1944BBD8009C7823 /* RZVinylImportTests.m */,
				9AB9080D193FD7F70063445A /* Supporting Files */,
			);
			path = RZVinylTests;
			sourceTree = "<group>";
		};
		9AB9080D193FD7F70063445A /* Supporting Files */ = {
			isa = PBXGroup;
			children = (
				9AB9080E193FD7F70063445A /* RZVinylTests-Info.plist */,
				9AB9080F193FD7F70063445A /* InfoPlist.strings */,
				9AB90814193FD7F70063445A /* RZVinylTests-Prefix.pch */,
			);
			path = "Supporting Files";
			sourceTree = "<group>";
		};
		9AB908231940D7AC0063445A /* Model */ = {
			isa = PBXGroup;
			children = (
				9AB90880194107AA0063445A /* RZVinylExtensions */,
				9AB908241940D7BC0063445A /* TestModel.xcdatamodeld */,
				9AB9087D1941065F0063445A /* BaseObject.h */,
				9AB9087E1941065F0063445A /* BaseObject.m */,
				9AB9087A1941065F0063445A /* Artist.h */,
				9AB9087B1941065F0063445A /* Artist.m */,
				9AB908771941065F0063445A /* Song.h */,
				9AB908781941065F0063445A /* Song.m */,
			);
			path = Model;
			sourceTree = "<group>";
		};
		9AB90880194107AA0063445A /* RZVinylExtensions */ = {
			isa = PBXGroup;
			children = (
				9AB90881194107C30063445A /* BaseObject+RZVinyl.h */,
				9AB90882194107C30063445A /* BaseObject+RZVinyl.m */,
				9A74A5C61946488100A06937 /* Artist+RZVinyl.h */,
				9A74A5C71946488100A06937 /* Artist+RZVinyl.m */,
			);
			path = RZVinylExtensions;
			sourceTree = "<group>";
		};
		9AB9088719410A320063445A /* Utils */ = {
			isa = PBXGroup;
			children = (
				9AB9088419410A2D0063445A /* RZWaiter.h */,
				9AB9088519410A2D0063445A /* RZWaiter.m */,
			);
			path = Utils;
			sourceTree = "<group>";
		};
		9AB90888194113B50063445A /* Resources */ = {
			isa = PBXGroup;
			children = (
				9AB90889194113D60063445A /* record_tests.json */,
			);
			path = Resources;
			sourceTree = "<group>";
		};
/* End PBXGroup section */

/* Begin PBXNativeTarget section */
		9A536124193F90E000E87F4F /* RZVinylDemo */ = {
			isa = PBXNativeTarget;
			buildConfigurationList = 9A536157193F90E000E87F4F /* Build configuration list for PBXNativeTarget "RZVinylDemo" */;
			buildPhases = (
				3D176FFBC4A447639F30E5EC /* Check Pods Manifest.lock */,
				9A536121193F90E000E87F4F /* Sources */,
				9A536122193F90E000E87F4F /* Frameworks */,
				9A536123193F90E000E87F4F /* Resources */,
				9B01E010DBBE44C59D6011E5 /* Copy Pods Resources */,
			);
			buildRules = (
			);
			dependencies = (
			);
			name = RZVinylDemo;
			productName = RZObjectiveRecord;
			productReference = 9A536125193F90E000E87F4F /* RZVinylDemo.app */;
			productType = "com.apple.product-type.application";
		};
		9AB90807193FD7F70063445A /* RZVinylTests */ = {
			isa = PBXNativeTarget;
			buildConfigurationList = 9AB90819193FD7F70063445A /* Build configuration list for PBXNativeTarget "RZVinylTests" */;
			buildPhases = (
				A5F32E7C18944F1AA2E6A247 /* Check Pods Manifest.lock */,
				9AB90804193FD7F70063445A /* Sources */,
				9AB90805193FD7F70063445A /* Frameworks */,
				9AB90806193FD7F70063445A /* Resources */,
				3022719D2D524073B4BCED25 /* Copy Pods Resources */,
			);
			buildRules = (
			);
			dependencies = (
				9AB90816193FD7F70063445A /* PBXTargetDependency */,
			);
			name = RZVinylTests;
			productName = RZVinylTests;
			productReference = 9AB90808193FD7F70063445A /* RZVinylTests.xctest */;
			productType = "com.apple.product-type.bundle.unit-test";
		};
/* End PBXNativeTarget section */

/* Begin PBXProject section */
		9A53611D193F90E000E87F4F /* Project object */ = {
			isa = PBXProject;
			attributes = {
				CLASSPREFIX = RZ;
				LastUpgradeCheck = 0510;
				ORGANIZATIONNAME = Raizlabs;
				TargetAttributes = {
					9AB90807193FD7F70063445A = {
						TestTargetID = 9A536124193F90E000E87F4F;
					};
				};
			};
			buildConfigurationList = 9A536120193F90E000E87F4F /* Build configuration list for PBXProject "RZVinylDemo" */;
			compatibilityVersion = "Xcode 3.2";
			developmentRegion = English;
			hasScannedForEncodings = 0;
			knownRegions = (
				en,
			);
			mainGroup = 9A53611C193F90E000E87F4F;
			productRefGroup = 9A536126193F90E000E87F4F /* Products */;
			projectDirPath = "";
			projectRoot = "";
			targets = (
				9A536124193F90E000E87F4F /* RZVinylDemo */,
				9AB90807193FD7F70063445A /* RZVinylTests */,
			);
		};
/* End PBXProject section */

/* Begin PBXResourcesBuildPhase section */
		9A536123193F90E000E87F4F /* Resources */ = {
			isa = PBXResourcesBuildPhase;
			buildActionMask = 2147483647;
			files = (
				9A536135193F90E000E87F4F /* InfoPlist.strings in Resources */,
				9A536140193F90E000E87F4F /* Images.xcassets in Resources */,
			);
			runOnlyForDeploymentPostprocessing = 0;
		};
		9AB90806193FD7F70063445A /* Resources */ = {
			isa = PBXResourcesBuildPhase;
			buildActionMask = 2147483647;
			files = (
				9AB9088A194113D60063445A /* record_tests.json in Resources */,
				9AB90811193FD7F70063445A /* InfoPlist.strings in Resources */,
			);
			runOnlyForDeploymentPostprocessing = 0;
		};
/* End PBXResourcesBuildPhase section */

/* Begin PBXShellScriptBuildPhase section */
		3022719D2D524073B4BCED25 /* Copy Pods Resources */ = {
			isa = PBXShellScriptBuildPhase;
			buildActionMask = 2147483647;
			files = (
			);
			inputPaths = (
			);
			name = "Copy Pods Resources";
			outputPaths = (
			);
			runOnlyForDeploymentPostprocessing = 0;
			shellPath = /bin/sh;
			shellScript = "\"${SRCROOT}/Pods/Pods-resources.sh\"\n";
			showEnvVarsInLog = 0;
		};
		3D176FFBC4A447639F30E5EC /* Check Pods Manifest.lock */ = {
			isa = PBXShellScriptBuildPhase;
			buildActionMask = 2147483647;
			files = (
			);
			inputPaths = (
			);
			name = "Check Pods Manifest.lock";
			outputPaths = (
			);
			runOnlyForDeploymentPostprocessing = 0;
			shellPath = /bin/sh;
			shellScript = "diff \"${PODS_ROOT}/../Podfile.lock\" \"${PODS_ROOT}/Manifest.lock\" > /dev/null\nif [[ $? != 0 ]] ; then\n    cat << EOM\nerror: The sandbox is not in sync with the Podfile.lock. Run 'pod install' or update your CocoaPods installation.\nEOM\n    exit 1\nfi\n";
			showEnvVarsInLog = 0;
		};
		9B01E010DBBE44C59D6011E5 /* Copy Pods Resources */ = {
			isa = PBXShellScriptBuildPhase;
			buildActionMask = 2147483647;
			files = (
			);
			inputPaths = (
			);
			name = "Copy Pods Resources";
			outputPaths = (
			);
			runOnlyForDeploymentPostprocessing = 0;
			shellPath = /bin/sh;
			shellScript = "\"${SRCROOT}/Pods/Pods-resources.sh\"\n";
			showEnvVarsInLog = 0;
		};
		A5F32E7C18944F1AA2E6A247 /* Check Pods Manifest.lock */ = {
			isa = PBXShellScriptBuildPhase;
			buildActionMask = 2147483647;
			files = (
			);
			inputPaths = (
			);
			name = "Check Pods Manifest.lock";
			outputPaths = (
			);
			runOnlyForDeploymentPostprocessing = 0;
			shellPath = /bin/sh;
			shellScript = "diff \"${PODS_ROOT}/../Podfile.lock\" \"${PODS_ROOT}/Manifest.lock\" > /dev/null\nif [[ $? != 0 ]] ; then\n    cat << EOM\nerror: The sandbox is not in sync with the Podfile.lock. Run 'pod install' or update your CocoaPods installation.\nEOM\n    exit 1\nfi\n";
			showEnvVarsInLog = 0;
		};
/* End PBXShellScriptBuildPhase section */

/* Begin PBXSourcesBuildPhase section */
		9A536121193F90E000E87F4F /* Sources */ = {
			isa = PBXSourcesBuildPhase;
			buildActionMask = 2147483647;
			files = (
				9A53613E193F90E000E87F4F /* RZVinylDemo.xcdatamodeld in Sources */,
				9A53613B193F90E000E87F4F /* RZAppDelegate.m in Sources */,
				9A536137193F90E000E87F4F /* main.m in Sources */,
			);
			runOnlyForDeploymentPostprocessing = 0;
		};
		9AB90804193FD7F70063445A /* Sources */ = {
			isa = PBXSourcesBuildPhase;
			buildActionMask = 2147483647;
			files = (
				9AB908791941065F0063445A /* Song.m in Sources */,
				9AB90883194107C30063445A /* BaseObject+RZVinyl.m in Sources */,
				9AD8B1CE1944BBD8009C7823 /* RZVinylImportTests.m in Sources */,
				9AB9087F1941065F0063445A /* BaseObject.m in Sources */,
				9AB9081B193FD8330063445A /* RZCoreDataStackConfigTests.m in Sources */,
				9AB908261940D7BC0063445A /* TestModel.xcdatamodeld in Sources */,
				9AB9088619410A2D0063445A /* RZWaiter.m in Sources */,
				9A74A5C81946488100A06937 /* Artist+RZVinyl.m in Sources */,
				9AB90876194104860063445A /* RZVinylRecordTests.m in Sources */,
				9AB9087C1941065F0063445A /* Artist.m in Sources */,
				9AD8B1D01944BCE8009C7823 /* RZVinylBaseTestCase.m in Sources */,
			);
			runOnlyForDeploymentPostprocessing = 0;
		};
/* End PBXSourcesBuildPhase section */

/* Begin PBXTargetDependency section */
		9AB90816193FD7F70063445A /* PBXTargetDependency */ = {
			isa = PBXTargetDependency;
			target = 9A536124193F90E000E87F4F /* RZVinylDemo */;
			targetProxy = 9AB90815193FD7F70063445A /* PBXContainerItemProxy */;
		};
/* End PBXTargetDependency section */

/* Begin PBXVariantGroup section */
		9A536133193F90E000E87F4F /* InfoPlist.strings */ = {
			isa = PBXVariantGroup;
			children = (
				9A536134193F90E000E87F4F /* en */,
			);
			name = InfoPlist.strings;
			sourceTree = "<group>";
		};
		9AB9080F193FD7F70063445A /* InfoPlist.strings */ = {
			isa = PBXVariantGroup;
			children = (
				9AB90810193FD7F70063445A /* en */,
			);
			name = InfoPlist.strings;
			sourceTree = "<group>";
		};
/* End PBXVariantGroup section */

/* Begin XCBuildConfiguration section */
		9A536155193F90E000E87F4F /* Debug */ = {
			isa = XCBuildConfiguration;
			buildSettings = {
				ALWAYS_SEARCH_USER_PATHS = NO;
				CLANG_CXX_LANGUAGE_STANDARD = "gnu++0x";
				CLANG_CXX_LIBRARY = "libc++";
				CLANG_ENABLE_MODULES = YES;
				CLANG_ENABLE_OBJC_ARC = YES;
				CLANG_WARN_BOOL_CONVERSION = YES;
				CLANG_WARN_CONSTANT_CONVERSION = YES;
				CLANG_WARN_DIRECT_OBJC_ISA_USAGE = YES_ERROR;
				CLANG_WARN_EMPTY_BODY = YES;
				CLANG_WARN_ENUM_CONVERSION = YES;
				CLANG_WARN_INT_CONVERSION = YES;
				CLANG_WARN_OBJC_ROOT_CLASS = YES_ERROR;
				CLANG_WARN__DUPLICATE_METHOD_MATCH = YES;
				"CODE_SIGN_IDENTITY[sdk=iphoneos*]" = "iPhone Developer";
				COPY_PHASE_STRIP = NO;
				GCC_C_LANGUAGE_STANDARD = gnu99;
				GCC_DYNAMIC_NO_PIC = NO;
				GCC_OPTIMIZATION_LEVEL = 0;
				GCC_PREPROCESSOR_DEFINITIONS = (
					"DEBUG=1",
					"$(inherited)",
				);
				GCC_SYMBOLS_PRIVATE_EXTERN = NO;
				GCC_WARN_64_TO_32_BIT_CONVERSION = YES;
				GCC_WARN_ABOUT_RETURN_TYPE = YES_ERROR;
				GCC_WARN_UNDECLARED_SELECTOR = YES;
				GCC_WARN_UNINITIALIZED_AUTOS = YES_AGGRESSIVE;
				GCC_WARN_UNUSED_FUNCTION = YES;
				GCC_WARN_UNUSED_VARIABLE = YES;
				IPHONEOS_DEPLOYMENT_TARGET = 7.1;
				ONLY_ACTIVE_ARCH = YES;
				SDKROOT = iphoneos;
			};
			name = Debug;
		};
		9A536156193F90E000E87F4F /* Release */ = {
			isa = XCBuildConfiguration;
			buildSettings = {
				ALWAYS_SEARCH_USER_PATHS = NO;
				CLANG_CXX_LANGUAGE_STANDARD = "gnu++0x";
				CLANG_CXX_LIBRARY = "libc++";
				CLANG_ENABLE_MODULES = YES;
				CLANG_ENABLE_OBJC_ARC = YES;
				CLANG_WARN_BOOL_CONVERSION = YES;
				CLANG_WARN_CONSTANT_CONVERSION = YES;
				CLANG_WARN_DIRECT_OBJC_ISA_USAGE = YES_ERROR;
				CLANG_WARN_EMPTY_BODY = YES;
				CLANG_WARN_ENUM_CONVERSION = YES;
				CLANG_WARN_INT_CONVERSION = YES;
				CLANG_WARN_OBJC_ROOT_CLASS = YES_ERROR;
				CLANG_WARN__DUPLICATE_METHOD_MATCH = YES;
				"CODE_SIGN_IDENTITY[sdk=iphoneos*]" = "iPhone Developer";
				COPY_PHASE_STRIP = YES;
				ENABLE_NS_ASSERTIONS = NO;
				GCC_C_LANGUAGE_STANDARD = gnu99;
				GCC_WARN_64_TO_32_BIT_CONVERSION = YES;
				GCC_WARN_ABOUT_RETURN_TYPE = YES_ERROR;
				GCC_WARN_UNDECLARED_SELECTOR = YES;
				GCC_WARN_UNINITIALIZED_AUTOS = YES_AGGRESSIVE;
				GCC_WARN_UNUSED_FUNCTION = YES;
				GCC_WARN_UNUSED_VARIABLE = YES;
				IPHONEOS_DEPLOYMENT_TARGET = 7.1;
				SDKROOT = iphoneos;
				VALIDATE_PRODUCT = YES;
			};
			name = Release;
		};
		9A536158193F90E000E87F4F /* Debug */ = {
			isa = XCBuildConfiguration;
			baseConfigurationReference = A1D95C7607F3459FBDDA50C6 /* Pods.xcconfig */;
			buildSettings = {
				ASSETCATALOG_COMPILER_APPICON_NAME = AppIcon;
				ASSETCATALOG_COMPILER_LAUNCHIMAGE_NAME = LaunchImage;
				GCC_PRECOMPILE_PREFIX_HEADER = YES;
				GCC_PREFIX_HEADER = "RZVinylDemo/Supporting Files/RZVinylDemo-Prefix.pch";
				INFOPLIST_FILE = "RZVinylDemo/Supporting Files/RZVinylDemo-Info.plist";
				IPHONEOS_DEPLOYMENT_TARGET = 7.0;
				PRODUCT_NAME = RZVinylDemo;
				WRAPPER_EXTENSION = app;
			};
			name = Debug;
		};
		9A536159193F90E000E87F4F /* Release */ = {
			isa = XCBuildConfiguration;
			baseConfigurationReference = A1D95C7607F3459FBDDA50C6 /* Pods.xcconfig */;
			buildSettings = {
				ASSETCATALOG_COMPILER_APPICON_NAME = AppIcon;
				ASSETCATALOG_COMPILER_LAUNCHIMAGE_NAME = LaunchImage;
				GCC_PRECOMPILE_PREFIX_HEADER = YES;
				GCC_PREFIX_HEADER = "RZVinylDemo/Supporting Files/RZVinylDemo-Prefix.pch";
				INFOPLIST_FILE = "RZVinylDemo/Supporting Files/RZVinylDemo-Info.plist";
				IPHONEOS_DEPLOYMENT_TARGET = 7.0;
				PRODUCT_NAME = RZVinylDemo;
				WRAPPER_EXTENSION = app;
			};
			name = Release;
		};
		9AB90817193FD7F70063445A /* Debug */ = {
			isa = XCBuildConfiguration;
			baseConfigurationReference = A1D95C7607F3459FBDDA50C6 /* Pods.xcconfig */;
			buildSettings = {
				BUNDLE_LOADER = "$(BUILT_PRODUCTS_DIR)/RZVinylDemo.app/RZVinylDemo";
				FRAMEWORK_SEARCH_PATHS = (
					"$(SDKROOT)/Developer/Library/Frameworks",
					"$(inherited)",
					"$(DEVELOPER_FRAMEWORKS_DIR)",
				);
				GCC_PRECOMPILE_PREFIX_HEADER = YES;
				GCC_PREFIX_HEADER = "RZVinylTests/Supporting Files/RZVinylTests-Prefix.pch";
				GCC_PREPROCESSOR_DEFINITIONS = (
					"DEBUG=1",
					"$(inherited)",
				);
				INFOPLIST_FILE = "RZVinylTests/Supporting Files/RZVinylTests-Info.plist";
				IPHONEOS_DEPLOYMENT_TARGET = 7.0;
				PRODUCT_NAME = "$(TARGET_NAME)";
				TEST_HOST = "$(BUNDLE_LOADER)";
				WRAPPER_EXTENSION = xctest;
			};
			name = Debug;
		};
		9AB90818193FD7F70063445A /* Release */ = {
			isa = XCBuildConfiguration;
			baseConfigurationReference = A1D95C7607F3459FBDDA50C6 /* Pods.xcconfig */;
			buildSettings = {
				BUNDLE_LOADER = "$(BUILT_PRODUCTS_DIR)/RZVinylDemo.app/RZVinylDemo";
				FRAMEWORK_SEARCH_PATHS = (
					"$(SDKROOT)/Developer/Library/Frameworks",
					"$(inherited)",
					"$(DEVELOPER_FRAMEWORKS_DIR)",
				);
				GCC_PRECOMPILE_PREFIX_HEADER = YES;
				GCC_PREFIX_HEADER = "RZVinylTests/Supporting Files/RZVinylTests-Prefix.pch";
				INFOPLIST_FILE = "RZVinylTests/Supporting Files/RZVinylTests-Info.plist";
				IPHONEOS_DEPLOYMENT_TARGET = 7.0;
				PRODUCT_NAME = "$(TARGET_NAME)";
				TEST_HOST = "$(BUNDLE_LOADER)";
				WRAPPER_EXTENSION = xctest;
			};
			name = Release;
		};
/* End XCBuildConfiguration section */

/* Begin XCConfigurationList section */
		9A536120193F90E000E87F4F /* Build configuration list for PBXProject "RZVinylDemo" */ = {
			isa = XCConfigurationList;
			buildConfigurations = (
				9A536155193F90E000E87F4F /* Debug */,
				9A536156193F90E000E87F4F /* Release */,
			);
			defaultConfigurationIsVisible = 0;
			defaultConfigurationName = Release;
		};
		9A536157193F90E000E87F4F /* Build configuration list for PBXNativeTarget "RZVinylDemo" */ = {
			isa = XCConfigurationList;
			buildConfigurations = (
				9A536158193F90E000E87F4F /* Debug */,
				9A536159193F90E000E87F4F /* Release */,
			);
			defaultConfigurationIsVisible = 0;
			defaultConfigurationName = Release;
		};
		9AB90819193FD7F70063445A /* Build configuration list for PBXNativeTarget "RZVinylTests" */ = {
			isa = XCConfigurationList;
			buildConfigurations = (
				9AB90817193FD7F70063445A /* Debug */,
				9AB90818193FD7F70063445A /* Release */,
			);
			defaultConfigurationIsVisible = 0;
			defaultConfigurationName = Release;
		};
/* End XCConfigurationList section */

/* Begin XCVersionGroup section */
		9A53613C193F90E000E87F4F /* RZVinylDemo.xcdatamodeld */ = {
			isa = XCVersionGroup;
			children = (
				9A53613D193F90E000E87F4F /* RZVinylDemo.xcdatamodel */,
			);
			currentVersion = 9A53613D193F90E000E87F4F /* RZVinylDemo.xcdatamodel */;
			path = RZVinylDemo.xcdatamodeld;
			sourceTree = "<group>";
			versionGroupType = wrapper.xcdatamodel;
		};
		9AB908241940D7BC0063445A /* TestModel.xcdatamodeld */ = {
			isa = XCVersionGroup;
			children = (
				9AB908251940D7BC0063445A /* TestModel.xcdatamodel */,
			);
			currentVersion = 9AB908251940D7BC0063445A /* TestModel.xcdatamodel */;
			path = TestModel.xcdatamodeld;
			sourceTree = "<group>";
			versionGroupType = wrapper.xcdatamodel;
		};
/* End XCVersionGroup section */
	};
	rootObject = 9A53611D193F90E000E87F4F /* Project object */;
}
