<?xml version="1.0" encoding="UTF-8"?>
<!DOCTYPE plist PUBLIC "-//Apple//DTD PLIST 1.0//EN" "http://www.apple.com/DTDs/PropertyList-1.0.dtd">
<plist version="1.0">
<dict>
	<key>archiveVersion</key>
	<string>1</string>
	<key>classes</key>
	<dict/>
	<key>objectVersion</key>
	<string>46</string>
	<key>objects</key>
	<dict>
		<key>1BE9F4EB675544DEAC43820D</key>
		<dict>
			<key>fileRef</key>
			<string>BFA85CBDC67442B2A5052135</string>
			<key>isa</key>
			<string>PBXBuildFile</string>
		</dict>
		<key>267E92CF2352486981965091</key>
		<dict>
			<key>fileRef</key>
			<string>BFA85CBDC67442B2A5052135</string>
			<key>isa</key>
			<string>PBXBuildFile</string>
		</dict>
		<key>3022719D2D524073B4BCED25</key>
		<dict>
			<key>buildActionMask</key>
			<string>2147483647</string>
			<key>files</key>
			<array/>
			<key>inputPaths</key>
			<array/>
			<key>isa</key>
			<string>PBXShellScriptBuildPhase</string>
			<key>name</key>
			<string>Copy Pods Resources</string>
			<key>outputPaths</key>
			<array/>
			<key>runOnlyForDeploymentPostprocessing</key>
			<string>0</string>
			<key>shellPath</key>
			<string>/bin/sh</string>
			<key>shellScript</key>
			<string>"${SRCROOT}/Pods/Pods-resources.sh"
</string>
			<key>showEnvVarsInLog</key>
			<string>0</string>
		</dict>
		<key>3D176FFBC4A447639F30E5EC</key>
		<dict>
			<key>buildActionMask</key>
			<string>2147483647</string>
			<key>files</key>
			<array/>
			<key>inputPaths</key>
			<array/>
			<key>isa</key>
			<string>PBXShellScriptBuildPhase</string>
			<key>name</key>
			<string>Check Pods Manifest.lock</string>
			<key>outputPaths</key>
			<array/>
			<key>runOnlyForDeploymentPostprocessing</key>
			<string>0</string>
			<key>shellPath</key>
			<string>/bin/sh</string>
			<key>shellScript</key>
			<string>diff "${PODS_ROOT}/../Podfile.lock" "${PODS_ROOT}/Manifest.lock" &gt; /dev/null
if [[ $? != 0 ]] ; then
    cat &lt;&lt; EOM
error: The sandbox is not in sync with the Podfile.lock. Run 'pod install' or update your CocoaPods installation.
EOM
    exit 1
fi
</string>
			<key>showEnvVarsInLog</key>
			<string>0</string>
		</dict>
		<key>9A53611C193F90E000E87F4F</key>
		<dict>
			<key>children</key>
			<array>
				<string>9A536130193F90E000E87F4F</string>
				<string>9AB9080C193FD7F70063445A</string>
				<string>9A536127193F90E000E87F4F</string>
				<string>9A536126193F90E000E87F4F</string>
				<string>A1D95C7607F3459FBDDA50C6</string>
			</array>
			<key>isa</key>
			<string>PBXGroup</string>
			<key>sourceTree</key>
			<string>&lt;group&gt;</string>
		</dict>
		<key>9A53611D193F90E000E87F4F</key>
		<dict>
			<key>attributes</key>
			<dict>
				<key>CLASSPREFIX</key>
				<string>RZ</string>
				<key>LastUpgradeCheck</key>
				<string>0510</string>
				<key>ORGANIZATIONNAME</key>
				<string>Raizlabs</string>
				<key>TargetAttributes</key>
				<dict>
					<key>9AB90807193FD7F70063445A</key>
					<dict>
						<key>TestTargetID</key>
						<string>9A536124193F90E000E87F4F</string>
					</dict>
				</dict>
			</dict>
			<key>buildConfigurationList</key>
			<string>9A536120193F90E000E87F4F</string>
			<key>compatibilityVersion</key>
			<string>Xcode 3.2</string>
			<key>developmentRegion</key>
			<string>English</string>
			<key>hasScannedForEncodings</key>
			<string>0</string>
			<key>isa</key>
			<string>PBXProject</string>
			<key>knownRegions</key>
			<array>
				<string>en</string>
			</array>
			<key>mainGroup</key>
			<string>9A53611C193F90E000E87F4F</string>
			<key>productRefGroup</key>
			<string>9A536126193F90E000E87F4F</string>
			<key>projectDirPath</key>
			<string></string>
			<key>projectReferences</key>
			<array/>
			<key>projectRoot</key>
			<string></string>
			<key>targets</key>
			<array>
				<string>9A536124193F90E000E87F4F</string>
				<string>9AB90807193FD7F70063445A</string>
			</array>
		</dict>
		<key>9A536120193F90E000E87F4F</key>
		<dict>
			<key>buildConfigurations</key>
			<array>
				<string>9A536155193F90E000E87F4F</string>
				<string>9A536156193F90E000E87F4F</string>
			</array>
			<key>defaultConfigurationIsVisible</key>
			<string>0</string>
			<key>defaultConfigurationName</key>
			<string>Release</string>
			<key>isa</key>
			<string>XCConfigurationList</string>
		</dict>
		<key>9A536121193F90E000E87F4F</key>
		<dict>
			<key>buildActionMask</key>
			<string>2147483647</string>
			<key>files</key>
			<array>
				<string>9A75DBB81954AD7800173911</string>
				<string>9A75DBBE1954AD7900173911</string>
				<string>9A75DBA71954A7EE00173911</string>
				<string>9A75DBC41954DAB400173911</string>
				<string>9A75DBBB1954AD7900173911</string>
				<string>9A75DBC11954ADA200173911</string>
				<string>9A75DBC71954E02B00173911</string>
				<string>9A75DBAC1954AA0B00173911</string>
				<string>9A53613E193F90E000E87F4F</string>
				<string>9A75DB8F19538D3200173911</string>
				<string>9A53613B193F90E000E87F4F</string>
				<string>9A536137193F90E000E87F4F</string>
				<string>9A75DB9419538E1E00173911</string>
			</array>
			<key>isa</key>
			<string>PBXSourcesBuildPhase</string>
			<key>runOnlyForDeploymentPostprocessing</key>
			<string>0</string>
		</dict>
		<key>9A536122193F90E000E87F4F</key>
		<dict>
			<key>buildActionMask</key>
			<string>2147483647</string>
			<key>files</key>
			<array>
				<string>9A53612B193F90E000E87F4F</string>
				<string>9A53612F193F90E000E87F4F</string>
				<string>9A53612D193F90E000E87F4F</string>
				<string>9A536129193F90E000E87F4F</string>
				<string>267E92CF2352486981965091</string>
			</array>
			<key>isa</key>
			<string>PBXFrameworksBuildPhase</string>
			<key>runOnlyForDeploymentPostprocessing</key>
			<string>0</string>
		</dict>
		<key>9A536123193F90E000E87F4F</key>
		<dict>
			<key>buildActionMask</key>
			<string>2147483647</string>
			<key>files</key>
			<array>
				<string>9A75DBA81954A7EE00173911</string>
				<string>9A536135193F90E000E87F4F</string>
				<string>9A75DB8C195388D700173911</string>
				<string>9A536140193F90E000E87F4F</string>
			</array>
			<key>isa</key>
			<string>PBXResourcesBuildPhase</string>
			<key>runOnlyForDeploymentPostprocessing</key>
			<string>0</string>
		</dict>
		<key>9A536124193F90E000E87F4F</key>
		<dict>
			<key>buildConfigurationList</key>
			<string>9A536157193F90E000E87F4F</string>
			<key>buildPhases</key>
			<array>
				<string>3D176FFBC4A447639F30E5EC</string>
				<string>9A536121193F90E000E87F4F</string>
				<string>9A536122193F90E000E87F4F</string>
				<string>9A536123193F90E000E87F4F</string>
				<string>9B01E010DBBE44C59D6011E5</string>
			</array>
			<key>buildRules</key>
			<array/>
			<key>dependencies</key>
			<array/>
			<key>isa</key>
			<string>PBXNativeTarget</string>
			<key>name</key>
			<string>RZVinylDemo</string>
			<key>productName</key>
			<string>RZObjectiveRecord</string>
			<key>productReference</key>
			<string>9A536125193F90E000E87F4F</string>
			<key>productType</key>
			<string>com.apple.product-type.application</string>
		</dict>
		<key>9A536125193F90E000E87F4F</key>
		<dict>
			<key>explicitFileType</key>
			<string>wrapper.application</string>
			<key>includeInIndex</key>
			<string>0</string>
			<key>isa</key>
			<string>PBXFileReference</string>
			<key>path</key>
			<string>RZVinylDemo.app</string>
			<key>sourceTree</key>
			<string>BUILT_PRODUCTS_DIR</string>
		</dict>
		<key>9A536126193F90E000E87F4F</key>
		<dict>
			<key>children</key>
			<array>
				<string>9A536125193F90E000E87F4F</string>
				<string>9AB90808193FD7F70063445A</string>
			</array>
			<key>isa</key>
			<string>PBXGroup</string>
			<key>name</key>
			<string>Products</string>
			<key>sourceTree</key>
			<string>&lt;group&gt;</string>
		</dict>
		<key>9A536127193F90E000E87F4F</key>
		<dict>
			<key>children</key>
			<array>
				<string>9A536128193F90E000E87F4F</string>
				<string>9A53612A193F90E000E87F4F</string>
				<string>9A53612C193F90E000E87F4F</string>
				<string>9A53612E193F90E000E87F4F</string>
				<string>9A536146193F90E000E87F4F</string>
				<string>BFA85CBDC67442B2A5052135</string>
			</array>
			<key>isa</key>
			<string>PBXGroup</string>
			<key>name</key>
			<string>Frameworks</string>
			<key>sourceTree</key>
			<string>&lt;group&gt;</string>
		</dict>
		<key>9A536128193F90E000E87F4F</key>
		<dict>
			<key>isa</key>
			<string>PBXFileReference</string>
			<key>lastKnownFileType</key>
			<string>wrapper.framework</string>
			<key>name</key>
			<string>Foundation.framework</string>
			<key>path</key>
			<string>System/Library/Frameworks/Foundation.framework</string>
			<key>sourceTree</key>
			<string>SDKROOT</string>
		</dict>
		<key>9A536129193F90E000E87F4F</key>
		<dict>
			<key>fileRef</key>
			<string>9A536128193F90E000E87F4F</string>
			<key>isa</key>
			<string>PBXBuildFile</string>
		</dict>
		<key>9A53612A193F90E000E87F4F</key>
		<dict>
			<key>isa</key>
			<string>PBXFileReference</string>
			<key>lastKnownFileType</key>
			<string>wrapper.framework</string>
			<key>name</key>
			<string>CoreGraphics.framework</string>
			<key>path</key>
			<string>System/Library/Frameworks/CoreGraphics.framework</string>
			<key>sourceTree</key>
			<string>SDKROOT</string>
		</dict>
		<key>9A53612B193F90E000E87F4F</key>
		<dict>
			<key>fileRef</key>
			<string>9A53612A193F90E000E87F4F</string>
			<key>isa</key>
			<string>PBXBuildFile</string>
		</dict>
		<key>9A53612C193F90E000E87F4F</key>
		<dict>
			<key>isa</key>
			<string>PBXFileReference</string>
			<key>lastKnownFileType</key>
			<string>wrapper.framework</string>
			<key>name</key>
			<string>UIKit.framework</string>
			<key>path</key>
			<string>System/Library/Frameworks/UIKit.framework</string>
			<key>sourceTree</key>
			<string>SDKROOT</string>
		</dict>
		<key>9A53612D193F90E000E87F4F</key>
		<dict>
			<key>fileRef</key>
			<string>9A53612C193F90E000E87F4F</string>
			<key>isa</key>
			<string>PBXBuildFile</string>
		</dict>
		<key>9A53612E193F90E000E87F4F</key>
		<dict>
			<key>isa</key>
			<string>PBXFileReference</string>
			<key>lastKnownFileType</key>
			<string>wrapper.framework</string>
			<key>name</key>
			<string>CoreData.framework</string>
			<key>path</key>
			<string>System/Library/Frameworks/CoreData.framework</string>
			<key>sourceTree</key>
			<string>SDKROOT</string>
		</dict>
		<key>9A53612F193F90E000E87F4F</key>
		<dict>
			<key>fileRef</key>
			<string>9A53612E193F90E000E87F4F</string>
			<key>isa</key>
			<string>PBXBuildFile</string>
		</dict>
		<key>9A536130193F90E000E87F4F</key>
		<dict>
			<key>children</key>
			<array>
				<string>9A53615D193F91DA00E87F4F</string>
				<string>9A53615E193F91DF00E87F4F</string>
				<string>9A53615F193F91E700E87F4F</string>
				<string>9A75DBA91954A9EE00173911</string>
				<string>9A536131193F90E000E87F4F</string>
				<string>9A536160193F91ED00E87F4F</string>
				<string>9A75DB9C1954A76F00173911</string>
			</array>
			<key>isa</key>
			<string>PBXGroup</string>
			<key>path</key>
			<string>RZVinylDemo</string>
			<key>sourceTree</key>
			<string>&lt;group&gt;</string>
		</dict>
		<key>9A536131193F90E000E87F4F</key>
		<dict>
			<key>children</key>
			<array>
				<string>9A536132193F90E000E87F4F</string>
				<string>9A536133193F90E000E87F4F</string>
				<string>9A536136193F90E000E87F4F</string>
				<string>9A536138193F90E000E87F4F</string>
			</array>
			<key>isa</key>
			<string>PBXGroup</string>
			<key>path</key>
			<string>Supporting Files</string>
			<key>sourceTree</key>
			<string>&lt;group&gt;</string>
		</dict>
		<key>9A536132193F90E000E87F4F</key>
		<dict>
			<key>isa</key>
			<string>PBXFileReference</string>
			<key>lastKnownFileType</key>
			<string>text.plist.xml</string>
			<key>path</key>
			<string>RZVinylDemo-Info.plist</string>
			<key>sourceTree</key>
			<string>&lt;group&gt;</string>
		</dict>
		<key>9A536133193F90E000E87F4F</key>
		<dict>
			<key>children</key>
			<array>
				<string>9A536134193F90E000E87F4F</string>
			</array>
			<key>isa</key>
			<string>PBXVariantGroup</string>
			<key>name</key>
			<string>InfoPlist.strings</string>
			<key>sourceTree</key>
			<string>&lt;group&gt;</string>
		</dict>
		<key>9A536134193F90E000E87F4F</key>
		<dict>
			<key>isa</key>
			<string>PBXFileReference</string>
			<key>lastKnownFileType</key>
			<string>text.plist.strings</string>
			<key>name</key>
			<string>en</string>
			<key>path</key>
			<string>en.lproj/InfoPlist.strings</string>
			<key>sourceTree</key>
			<string>&lt;group&gt;</string>
		</dict>
		<key>9A536135193F90E000E87F4F</key>
		<dict>
			<key>fileRef</key>
			<string>9A536133193F90E000E87F4F</string>
			<key>isa</key>
			<string>PBXBuildFile</string>
		</dict>
		<key>9A536136193F90E000E87F4F</key>
		<dict>
			<key>isa</key>
			<string>PBXFileReference</string>
			<key>lastKnownFileType</key>
			<string>sourcecode.c.objc</string>
			<key>path</key>
			<string>main.m</string>
			<key>sourceTree</key>
			<string>&lt;group&gt;</string>
		</dict>
		<key>9A536137193F90E000E87F4F</key>
		<dict>
			<key>fileRef</key>
			<string>9A536136193F90E000E87F4F</string>
			<key>isa</key>
			<string>PBXBuildFile</string>
		</dict>
		<key>9A536138193F90E000E87F4F</key>
		<dict>
			<key>isa</key>
			<string>PBXFileReference</string>
			<key>lastKnownFileType</key>
			<string>sourcecode.c.h</string>
			<key>path</key>
			<string>RZVinylDemo-Prefix.pch</string>
			<key>sourceTree</key>
			<string>&lt;group&gt;</string>
		</dict>
		<key>9A536139193F90E000E87F4F</key>
		<dict>
			<key>isa</key>
			<string>PBXFileReference</string>
			<key>lastKnownFileType</key>
			<string>sourcecode.c.h</string>
			<key>path</key>
			<string>RZAppDelegate.h</string>
			<key>sourceTree</key>
			<string>&lt;group&gt;</string>
		</dict>
		<key>9A53613A193F90E000E87F4F</key>
		<dict>
			<key>isa</key>
			<string>PBXFileReference</string>
			<key>lastKnownFileType</key>
			<string>sourcecode.c.objc</string>
			<key>path</key>
			<string>RZAppDelegate.m</string>
			<key>sourceTree</key>
			<string>&lt;group&gt;</string>
		</dict>
		<key>9A53613B193F90E000E87F4F</key>
		<dict>
			<key>fileRef</key>
			<string>9A53613A193F90E000E87F4F</string>
			<key>isa</key>
			<string>PBXBuildFile</string>
		</dict>
		<key>9A53613C193F90E000E87F4F</key>
		<dict>
			<key>children</key>
			<array>
				<string>9A53613D193F90E000E87F4F</string>
			</array>
			<key>currentVersion</key>
			<string>9A53613D193F90E000E87F4F</string>
			<key>isa</key>
			<string>XCVersionGroup</string>
			<key>path</key>
			<string>RZVinylDemo.xcdatamodeld</string>
			<key>sourceTree</key>
			<string>&lt;group&gt;</string>
			<key>versionGroupType</key>
			<string>wrapper.xcdatamodel</string>
		</dict>
		<key>9A53613D193F90E000E87F4F</key>
		<dict>
			<key>isa</key>
			<string>PBXFileReference</string>
			<key>lastKnownFileType</key>
			<string>wrapper.xcdatamodel</string>
			<key>path</key>
			<string>RZVinylDemo.xcdatamodel</string>
			<key>sourceTree</key>
			<string>&lt;group&gt;</string>
		</dict>
		<key>9A53613E193F90E000E87F4F</key>
		<dict>
			<key>fileRef</key>
			<string>9A53613C193F90E000E87F4F</string>
			<key>isa</key>
			<string>PBXBuildFile</string>
		</dict>
		<key>9A53613F193F90E000E87F4F</key>
		<dict>
			<key>isa</key>
			<string>PBXFileReference</string>
			<key>lastKnownFileType</key>
			<string>folder.assetcatalog</string>
			<key>path</key>
			<string>Images.xcassets</string>
			<key>sourceTree</key>
			<string>&lt;group&gt;</string>
		</dict>
		<key>9A536140193F90E000E87F4F</key>
		<dict>
			<key>fileRef</key>
			<string>9A53613F193F90E000E87F4F</string>
			<key>isa</key>
			<string>PBXBuildFile</string>
		</dict>
		<key>9A536146193F90E000E87F4F</key>
		<dict>
			<key>isa</key>
			<string>PBXFileReference</string>
			<key>lastKnownFileType</key>
			<string>wrapper.framework</string>
			<key>name</key>
			<string>XCTest.framework</string>
			<key>path</key>
			<string>Library/Frameworks/XCTest.framework</string>
			<key>sourceTree</key>
			<string>DEVELOPER_DIR</string>
		</dict>
		<key>9A536155193F90E000E87F4F</key>
		<dict>
			<key>buildSettings</key>
			<dict>
				<key>ALWAYS_SEARCH_USER_PATHS</key>
				<string>NO</string>
				<key>CLANG_CXX_LANGUAGE_STANDARD</key>
				<string>gnu++0x</string>
				<key>CLANG_CXX_LIBRARY</key>
				<string>libc++</string>
				<key>CLANG_ENABLE_MODULES</key>
				<string>YES</string>
				<key>CLANG_ENABLE_OBJC_ARC</key>
				<string>YES</string>
				<key>CLANG_WARN_BOOL_CONVERSION</key>
				<string>YES</string>
				<key>CLANG_WARN_CONSTANT_CONVERSION</key>
				<string>YES</string>
				<key>CLANG_WARN_DIRECT_OBJC_ISA_USAGE</key>
				<string>YES_ERROR</string>
				<key>CLANG_WARN_EMPTY_BODY</key>
				<string>YES</string>
				<key>CLANG_WARN_ENUM_CONVERSION</key>
				<string>YES</string>
				<key>CLANG_WARN_INT_CONVERSION</key>
				<string>YES</string>
				<key>CLANG_WARN_OBJC_ROOT_CLASS</key>
				<string>YES_ERROR</string>
				<key>CLANG_WARN__DUPLICATE_METHOD_MATCH</key>
				<string>YES</string>
				<key>CODE_SIGN_IDENTITY[sdk=iphoneos*]</key>
				<string>iPhone Developer</string>
				<key>COPY_PHASE_STRIP</key>
				<string>NO</string>
				<key>GCC_C_LANGUAGE_STANDARD</key>
				<string>gnu99</string>
				<key>GCC_DYNAMIC_NO_PIC</key>
				<string>NO</string>
				<key>GCC_OPTIMIZATION_LEVEL</key>
				<string>0</string>
				<key>GCC_PREPROCESSOR_DEFINITIONS</key>
				<array>
					<string>DEBUG=1</string>
					<string>$(inherited)</string>
				</array>
				<key>GCC_SYMBOLS_PRIVATE_EXTERN</key>
				<string>NO</string>
				<key>GCC_WARN_64_TO_32_BIT_CONVERSION</key>
				<string>YES</string>
				<key>GCC_WARN_ABOUT_RETURN_TYPE</key>
				<string>YES_ERROR</string>
				<key>GCC_WARN_UNDECLARED_SELECTOR</key>
				<string>YES</string>
				<key>GCC_WARN_UNINITIALIZED_AUTOS</key>
				<string>YES_AGGRESSIVE</string>
				<key>GCC_WARN_UNUSED_FUNCTION</key>
				<string>YES</string>
				<key>GCC_WARN_UNUSED_VARIABLE</key>
				<string>YES</string>
				<key>IPHONEOS_DEPLOYMENT_TARGET</key>
				<string>7.1</string>
				<key>ONLY_ACTIVE_ARCH</key>
				<string>YES</string>
				<key>SDKROOT</key>
				<string>iphoneos</string>
			</dict>
			<key>isa</key>
			<string>XCBuildConfiguration</string>
			<key>name</key>
			<string>Debug</string>
		</dict>
		<key>9A536156193F90E000E87F4F</key>
		<dict>
			<key>buildSettings</key>
			<dict>
				<key>ALWAYS_SEARCH_USER_PATHS</key>
				<string>NO</string>
				<key>CLANG_CXX_LANGUAGE_STANDARD</key>
				<string>gnu++0x</string>
				<key>CLANG_CXX_LIBRARY</key>
				<string>libc++</string>
				<key>CLANG_ENABLE_MODULES</key>
				<string>YES</string>
				<key>CLANG_ENABLE_OBJC_ARC</key>
				<string>YES</string>
				<key>CLANG_WARN_BOOL_CONVERSION</key>
				<string>YES</string>
				<key>CLANG_WARN_CONSTANT_CONVERSION</key>
				<string>YES</string>
				<key>CLANG_WARN_DIRECT_OBJC_ISA_USAGE</key>
				<string>YES_ERROR</string>
				<key>CLANG_WARN_EMPTY_BODY</key>
				<string>YES</string>
				<key>CLANG_WARN_ENUM_CONVERSION</key>
				<string>YES</string>
				<key>CLANG_WARN_INT_CONVERSION</key>
				<string>YES</string>
				<key>CLANG_WARN_OBJC_ROOT_CLASS</key>
				<string>YES_ERROR</string>
				<key>CLANG_WARN__DUPLICATE_METHOD_MATCH</key>
				<string>YES</string>
				<key>CODE_SIGN_IDENTITY[sdk=iphoneos*]</key>
				<string>iPhone Developer</string>
				<key>COPY_PHASE_STRIP</key>
				<string>YES</string>
				<key>ENABLE_NS_ASSERTIONS</key>
				<string>NO</string>
				<key>GCC_C_LANGUAGE_STANDARD</key>
				<string>gnu99</string>
				<key>GCC_WARN_64_TO_32_BIT_CONVERSION</key>
				<string>YES</string>
				<key>GCC_WARN_ABOUT_RETURN_TYPE</key>
				<string>YES_ERROR</string>
				<key>GCC_WARN_UNDECLARED_SELECTOR</key>
				<string>YES</string>
				<key>GCC_WARN_UNINITIALIZED_AUTOS</key>
				<string>YES_AGGRESSIVE</string>
				<key>GCC_WARN_UNUSED_FUNCTION</key>
				<string>YES</string>
				<key>GCC_WARN_UNUSED_VARIABLE</key>
				<string>YES</string>
				<key>IPHONEOS_DEPLOYMENT_TARGET</key>
				<string>7.1</string>
				<key>SDKROOT</key>
				<string>iphoneos</string>
				<key>VALIDATE_PRODUCT</key>
				<string>YES</string>
			</dict>
			<key>isa</key>
			<string>XCBuildConfiguration</string>
			<key>name</key>
			<string>Release</string>
		</dict>
		<key>9A536157193F90E000E87F4F</key>
		<dict>
			<key>buildConfigurations</key>
			<array>
				<string>9A536158193F90E000E87F4F</string>
				<string>9A536159193F90E000E87F4F</string>
			</array>
			<key>defaultConfigurationIsVisible</key>
			<string>0</string>
			<key>defaultConfigurationName</key>
			<string>Release</string>
			<key>isa</key>
			<string>XCConfigurationList</string>
		</dict>
		<key>9A536158193F90E000E87F4F</key>
		<dict>
			<key>baseConfigurationReference</key>
			<string>A1D95C7607F3459FBDDA50C6</string>
			<key>buildSettings</key>
			<dict>
				<key>ASSETCATALOG_COMPILER_APPICON_NAME</key>
				<string>AppIcon</string>
				<key>ASSETCATALOG_COMPILER_LAUNCHIMAGE_NAME</key>
				<string>LaunchImage</string>
				<key>GCC_PRECOMPILE_PREFIX_HEADER</key>
				<string>YES</string>
				<key>GCC_PREFIX_HEADER</key>
				<string>RZVinylDemo/Supporting Files/RZVinylDemo-Prefix.pch</string>
				<key>INFOPLIST_FILE</key>
				<string>RZVinylDemo/Supporting Files/RZVinylDemo-Info.plist</string>
				<key>IPHONEOS_DEPLOYMENT_TARGET</key>
				<string>7.0</string>
				<key>PRODUCT_NAME</key>
				<string>RZVinylDemo</string>
				<key>WRAPPER_EXTENSION</key>
				<string>app</string>
			</dict>
			<key>isa</key>
			<string>XCBuildConfiguration</string>
			<key>name</key>
			<string>Debug</string>
		</dict>
		<key>9A536159193F90E000E87F4F</key>
		<dict>
			<key>baseConfigurationReference</key>
			<string>A1D95C7607F3459FBDDA50C6</string>
			<key>buildSettings</key>
			<dict>
				<key>ASSETCATALOG_COMPILER_APPICON_NAME</key>
				<string>AppIcon</string>
				<key>ASSETCATALOG_COMPILER_LAUNCHIMAGE_NAME</key>
				<string>LaunchImage</string>
				<key>GCC_PRECOMPILE_PREFIX_HEADER</key>
				<string>YES</string>
				<key>GCC_PREFIX_HEADER</key>
				<string>RZVinylDemo/Supporting Files/RZVinylDemo-Prefix.pch</string>
				<key>INFOPLIST_FILE</key>
				<string>RZVinylDemo/Supporting Files/RZVinylDemo-Info.plist</string>
				<key>IPHONEOS_DEPLOYMENT_TARGET</key>
				<string>7.0</string>
				<key>PRODUCT_NAME</key>
				<string>RZVinylDemo</string>
				<key>WRAPPER_EXTENSION</key>
				<string>app</string>
			</dict>
			<key>isa</key>
			<string>XCBuildConfiguration</string>
			<key>name</key>
			<string>Release</string>
		</dict>
		<key>9A53615D193F91DA00E87F4F</key>
		<dict>
			<key>children</key>
			<array>
				<string>9A536139193F90E000E87F4F</string>
				<string>9A53613A193F90E000E87F4F</string>
				<string>9A75DBC21954DAB400173911</string>
				<string>9A75DBC31954DAB400173911</string>
			</array>
			<key>isa</key>
			<string>PBXGroup</string>
			<key>path</key>
			<string>Application</string>
			<key>sourceTree</key>
			<string>&lt;group&gt;</string>
		</dict>
		<key>9A53615E193F91DF00E87F4F</key>
		<dict>
			<key>children</key>
			<array>
				<string>9A75DB9119538E0C00173911</string>
				<string>9A75DB9019538E0000173911</string>
			</array>
			<key>isa</key>
			<string>PBXGroup</string>
			<key>path</key>
			<string>Data</string>
			<key>sourceTree</key>
			<string>&lt;group&gt;</string>
		</dict>
		<key>9A53615F193F91E700E87F4F</key>
		<dict>
			<key>children</key>
			<array>
				<string>9A75DB8B195388D700173911</string>
				<string>9A53613F193F90E000E87F4F</string>
			</array>
			<key>isa</key>
			<string>PBXGroup</string>
			<key>path</key>
			<string>Resources</string>
			<key>sourceTree</key>
			<string>&lt;group&gt;</string>
		</dict>
		<key>9A536160193F91ED00E87F4F</key>
		<dict>
			<key>children</key>
			<array>
				<string>9A75DB8D19538D3200173911</string>
				<string>9A75DB8E19538D3200173911</string>
			</array>
			<key>isa</key>
			<string>PBXGroup</string>
			<key>path</key>
			<string>View Controllers</string>
			<key>sourceTree</key>
			<string>&lt;group&gt;</string>
		</dict>
		<key>9A74A5C61946488100A06937</key>
		<dict>
			<key>fileEncoding</key>
			<string>4</string>
			<key>isa</key>
			<string>PBXFileReference</string>
			<key>lastKnownFileType</key>
			<string>sourcecode.c.h</string>
			<key>path</key>
			<string>Artist+RZVinyl.h</string>
			<key>sourceTree</key>
			<string>&lt;group&gt;</string>
		</dict>
		<key>9A74A5C71946488100A06937</key>
		<dict>
			<key>fileEncoding</key>
			<string>4</string>
			<key>isa</key>
			<string>PBXFileReference</string>
			<key>lastKnownFileType</key>
			<string>sourcecode.c.objc</string>
			<key>path</key>
			<string>Artist+RZVinyl.m</string>
			<key>sourceTree</key>
			<string>&lt;group&gt;</string>
		</dict>
		<key>9A74A5C81946488100A06937</key>
		<dict>
			<key>fileRef</key>
			<string>9A74A5C71946488100A06937</string>
			<key>isa</key>
			<string>PBXBuildFile</string>
		</dict>
		<key>9A75DB8B195388D700173911</key>
		<dict>
			<key>fileEncoding</key>
			<string>4</string>
			<key>isa</key>
			<string>PBXFileReference</string>
			<key>lastKnownFileType</key>
			<string>text.json</string>
			<key>path</key>
			<string>person_data.json</string>
			<key>sourceTree</key>
			<string>&lt;group&gt;</string>
		</dict>
		<key>9A75DB8C195388D700173911</key>
		<dict>
			<key>fileRef</key>
			<string>9A75DB8B195388D700173911</string>
			<key>isa</key>
			<string>PBXBuildFile</string>
		</dict>
		<key>9A75DB8D19538D3200173911</key>
		<dict>
			<key>fileEncoding</key>
			<string>4</string>
			<key>isa</key>
			<string>PBXFileReference</string>
			<key>lastKnownFileType</key>
			<string>sourcecode.c.h</string>
			<key>path</key>
			<string>RZPersonListViewController.h</string>
			<key>sourceTree</key>
			<string>&lt;group&gt;</string>
		</dict>
		<key>9A75DB8E19538D3200173911</key>
		<dict>
			<key>fileEncoding</key>
			<string>4</string>
			<key>isa</key>
			<string>PBXFileReference</string>
			<key>lastKnownFileType</key>
			<string>sourcecode.c.objc</string>
			<key>path</key>
			<string>RZPersonListViewController.m</string>
			<key>sourceTree</key>
			<string>&lt;group&gt;</string>
		</dict>
		<key>9A75DB8F19538D3200173911</key>
		<dict>
			<key>fileRef</key>
			<string>9A75DB8E19538D3200173911</string>
			<key>isa</key>
			<string>PBXBuildFile</string>
		</dict>
		<key>9A75DB9019538E0000173911</key>
		<dict>
			<key>children</key>
			<array>
				<string>9A75DB95195392A500173911</string>
				<string>9A53613C193F90E000E87F4F</string>
				<string>9A75DBBC1954AD7900173911</string>
				<string>9A75DBBD1954AD7900173911</string>
				<string>9A75DBB91954AD7900173911</string>
				<string>9A75DBBA1954AD7900173911</string>
				<string>9A75DBB61954AD7800173911</string>
				<string>9A75DBB71954AD7800173911</string>
			</array>
			<key>isa</key>
			<string>PBXGroup</string>
			<key>path</key>
			<string>Model</string>
			<key>sourceTree</key>
			<string>&lt;group&gt;</string>
		</dict>
		<key>9A75DB9119538E0C00173911</key>
		<dict>
			<key>children</key>
			<array>
				<string>9A75DB9219538E1E00173911</string>
				<string>9A75DB9319538E1E00173911</string>
			</array>
			<key>isa</key>
			<string>PBXGroup</string>
			<key>path</key>
			<string>Sources</string>
			<key>sourceTree</key>
			<string>&lt;group&gt;</string>
		</dict>
		<key>9A75DB9219538E1E00173911</key>
		<dict>
			<key>fileEncoding</key>
			<string>4</string>
			<key>isa</key>
			<string>PBXFileReference</string>
			<key>lastKnownFileType</key>
			<string>sourcecode.c.h</string>
			<key>path</key>
			<string>RZPersonDataSource.h</string>
			<key>sourceTree</key>
			<string>&lt;group&gt;</string>
		</dict>
		<key>9A75DB9319538E1E00173911</key>
		<dict>
			<key>fileEncoding</key>
			<string>4</string>
			<key>isa</key>
			<string>PBXFileReference</string>
			<key>lastKnownFileType</key>
			<string>sourcecode.c.objc</string>
			<key>path</key>
			<string>RZPersonDataSource.m</string>
			<key>sourceTree</key>
			<string>&lt;group&gt;</string>
		</dict>
		<key>9A75DB9419538E1E00173911</key>
		<dict>
			<key>fileRef</key>
			<string>9A75DB9319538E1E00173911</string>
			<key>isa</key>
			<string>PBXBuildFile</string>
		</dict>
		<key>9A75DB95195392A500173911</key>
		<dict>
			<key>children</key>
			<array>
				<string>9A75DBBF1954ADA200173911</string>
				<string>9A75DBC01954ADA200173911</string>
				<string>9A75DBC51954E02B00173911</string>
				<string>9A75DBC61954E02B00173911</string>
			</array>
			<key>isa</key>
			<string>PBXGroup</string>
			<key>path</key>
			<string>Extensions</string>
			<key>sourceTree</key>
			<string>&lt;group&gt;</string>
		</dict>
		<key>9A75DB9C1954A76F00173911</key>
		<dict>
			<key>children</key>
			<array>
				<string>9A75DBA31954A7EE00173911</string>
			</array>
			<key>isa</key>
			<string>PBXGroup</string>
			<key>path</key>
			<string>Views</string>
			<key>sourceTree</key>
			<string>&lt;group&gt;</string>
		</dict>
		<key>9A75DBA31954A7EE00173911</key>
		<dict>
			<key>children</key>
			<array>
				<string>9A75DBA41954A7EE00173911</string>
				<string>9A75DBA51954A7EE00173911</string>
				<string>9A75DBA61954A7EE00173911</string>
			</array>
			<key>isa</key>
			<string>PBXGroup</string>
			<key>path</key>
			<string>Cells</string>
			<key>sourceTree</key>
			<string>&lt;group&gt;</string>
		</dict>
		<key>9A75DBA41954A7EE00173911</key>
		<dict>
			<key>fileEncoding</key>
			<string>4</string>
			<key>isa</key>
			<string>PBXFileReference</string>
			<key>lastKnownFileType</key>
			<string>sourcecode.c.h</string>
			<key>path</key>
			<string>RZPersonTableViewCell.h</string>
			<key>sourceTree</key>
			<string>&lt;group&gt;</string>
		</dict>
		<key>9A75DBA51954A7EE00173911</key>
		<dict>
			<key>fileEncoding</key>
			<string>4</string>
			<key>isa</key>
			<string>PBXFileReference</string>
			<key>lastKnownFileType</key>
			<string>sourcecode.c.objc</string>
			<key>path</key>
			<string>RZPersonTableViewCell.m</string>
			<key>sourceTree</key>
			<string>&lt;group&gt;</string>
		</dict>
		<key>9A75DBA61954A7EE00173911</key>
		<dict>
			<key>fileEncoding</key>
			<string>4</string>
			<key>isa</key>
			<string>PBXFileReference</string>
			<key>lastKnownFileType</key>
			<string>file.xib</string>
			<key>path</key>
			<string>RZPersonTableViewCell.xib</string>
			<key>sourceTree</key>
			<string>&lt;group&gt;</string>
		</dict>
		<key>9A75DBA71954A7EE00173911</key>
		<dict>
			<key>fileRef</key>
			<string>9A75DBA51954A7EE00173911</string>
			<key>isa</key>
			<string>PBXBuildFile</string>
		</dict>
		<key>9A75DBA81954A7EE00173911</key>
		<dict>
			<key>fileRef</key>
			<string>9A75DBA61954A7EE00173911</string>
			<key>isa</key>
			<string>PBXBuildFile</string>
		</dict>
		<key>9A75DBA91954A9EE00173911</key>
		<dict>
			<key>children</key>
			<array>
				<string>9A75DBAA1954AA0B00173911</string>
				<string>9A75DBAB1954AA0B00173911</string>
			</array>
			<key>isa</key>
			<string>PBXGroup</string>
			<key>name</key>
			<string>Services</string>
			<key>path</key>
			<string>Services</string>
			<key>sourceTree</key>
			<string>&lt;group&gt;</string>
		</dict>
		<key>9A75DBAA1954AA0B00173911</key>
		<dict>
			<key>fileEncoding</key>
			<string>4</string>
			<key>isa</key>
			<string>PBXFileReference</string>
			<key>lastKnownFileType</key>
			<string>sourcecode.c.h</string>
			<key>path</key>
			<string>RZPersonLoader.h</string>
			<key>sourceTree</key>
			<string>&lt;group&gt;</string>
		</dict>
		<key>9A75DBAB1954AA0B00173911</key>
		<dict>
			<key>fileEncoding</key>
			<string>4</string>
			<key>isa</key>
			<string>PBXFileReference</string>
			<key>lastKnownFileType</key>
			<string>sourcecode.c.objc</string>
			<key>path</key>
			<string>RZPersonLoader.m</string>
			<key>sourceTree</key>
			<string>&lt;group&gt;</string>
		</dict>
		<key>9A75DBAC1954AA0B00173911</key>
		<dict>
			<key>fileRef</key>
			<string>9A75DBAB1954AA0B00173911</string>
			<key>isa</key>
			<string>PBXBuildFile</string>
		</dict>
		<key>9A75DBB61954AD7800173911</key>
		<dict>
			<key>fileEncoding</key>
			<string>4</string>
			<key>isa</key>
			<string>PBXFileReference</string>
			<key>lastKnownFileType</key>
			<string>sourcecode.c.h</string>
			<key>path</key>
			<string>RZPerson.h</string>
			<key>sourceTree</key>
			<string>&lt;group&gt;</string>
		</dict>
		<key>9A75DBB71954AD7800173911</key>
		<dict>
			<key>fileEncoding</key>
			<string>4</string>
			<key>isa</key>
			<string>PBXFileReference</string>
			<key>lastKnownFileType</key>
			<string>sourcecode.c.objc</string>
			<key>path</key>
			<string>RZPerson.m</string>
			<key>sourceTree</key>
			<string>&lt;group&gt;</string>
		</dict>
		<key>9A75DBB81954AD7800173911</key>
		<dict>
			<key>fileRef</key>
			<string>9A75DBB71954AD7800173911</string>
			<key>isa</key>
			<string>PBXBuildFile</string>
		</dict>
		<key>9A75DBB91954AD7900173911</key>
		<dict>
			<key>fileEncoding</key>
			<string>4</string>
			<key>isa</key>
			<string>PBXFileReference</string>
			<key>lastKnownFileType</key>
			<string>sourcecode.c.h</string>
			<key>path</key>
			<string>RZAddress.h</string>
			<key>sourceTree</key>
			<string>&lt;group&gt;</string>
		</dict>
		<key>9A75DBBA1954AD7900173911</key>
		<dict>
			<key>fileEncoding</key>
			<string>4</string>
			<key>isa</key>
			<string>PBXFileReference</string>
			<key>lastKnownFileType</key>
			<string>sourcecode.c.objc</string>
			<key>path</key>
			<string>RZAddress.m</string>
			<key>sourceTree</key>
			<string>&lt;group&gt;</string>
		</dict>
		<key>9A75DBBB1954AD7900173911</key>
		<dict>
			<key>fileRef</key>
			<string>9A75DBBA1954AD7900173911</string>
			<key>isa</key>
			<string>PBXBuildFile</string>
		</dict>
		<key>9A75DBBC1954AD7900173911</key>
		<dict>
			<key>fileEncoding</key>
			<string>4</string>
			<key>isa</key>
			<string>PBXFileReference</string>
			<key>lastKnownFileType</key>
			<string>sourcecode.c.h</string>
			<key>path</key>
			<string>RZInterest.h</string>
			<key>sourceTree</key>
			<string>&lt;group&gt;</string>
		</dict>
		<key>9A75DBBD1954AD7900173911</key>
		<dict>
			<key>fileEncoding</key>
			<string>4</string>
			<key>isa</key>
			<string>PBXFileReference</string>
			<key>lastKnownFileType</key>
			<string>sourcecode.c.objc</string>
			<key>path</key>
			<string>RZInterest.m</string>
			<key>sourceTree</key>
			<string>&lt;group&gt;</string>
		</dict>
		<key>9A75DBBE1954AD7900173911</key>
		<dict>
			<key>fileRef</key>
			<string>9A75DBBD1954AD7900173911</string>
			<key>isa</key>
			<string>PBXBuildFile</string>
		</dict>
		<key>9A75DBBF1954ADA200173911</key>
		<dict>
			<key>fileEncoding</key>
			<string>4</string>
			<key>isa</key>
			<string>PBXFileReference</string>
			<key>lastKnownFileType</key>
			<string>sourcecode.c.h</string>
			<key>path</key>
			<string>RZPerson+RZVinyl.h</string>
			<key>sourceTree</key>
			<string>&lt;group&gt;</string>
		</dict>
		<key>9A75DBC01954ADA200173911</key>
		<dict>
			<key>fileEncoding</key>
			<string>4</string>
			<key>isa</key>
			<string>PBXFileReference</string>
			<key>lastKnownFileType</key>
			<string>sourcecode.c.objc</string>
			<key>path</key>
			<string>RZPerson+RZVinyl.m</string>
			<key>sourceTree</key>
			<string>&lt;group&gt;</string>
		</dict>
		<key>9A75DBC11954ADA200173911</key>
		<dict>
			<key>fileRef</key>
			<string>9A75DBC01954ADA200173911</string>
			<key>isa</key>
			<string>PBXBuildFile</string>
		</dict>
		<key>9A75DBC21954DAB400173911</key>
		<dict>
			<key>fileEncoding</key>
			<string>4</string>
			<key>isa</key>
			<string>PBXFileReference</string>
			<key>lastKnownFileType</key>
			<string>sourcecode.c.h</string>
			<key>path</key>
			<string>RZAppStylesheet.h</string>
			<key>sourceTree</key>
			<string>&lt;group&gt;</string>
		</dict>
		<key>9A75DBC31954DAB400173911</key>
		<dict>
			<key>fileEncoding</key>
			<string>4</string>
			<key>isa</key>
			<string>PBXFileReference</string>
			<key>lastKnownFileType</key>
			<string>sourcecode.c.objc</string>
			<key>path</key>
			<string>RZAppStylesheet.m</string>
			<key>sourceTree</key>
			<string>&lt;group&gt;</string>
		</dict>
		<key>9A75DBC41954DAB400173911</key>
		<dict>
			<key>fileRef</key>
			<string>9A75DBC31954DAB400173911</string>
			<key>isa</key>
			<string>PBXBuildFile</string>
		</dict>
		<key>9A75DBC51954E02B00173911</key>
		<dict>
			<key>fileEncoding</key>
			<string>4</string>
			<key>isa</key>
			<string>PBXFileReference</string>
			<key>lastKnownFileType</key>
			<string>sourcecode.c.h</string>
			<key>path</key>
			<string>RZInterest+RZVinyl.h</string>
			<key>sourceTree</key>
			<string>&lt;group&gt;</string>
		</dict>
		<key>9A75DBC61954E02B00173911</key>
		<dict>
			<key>fileEncoding</key>
			<string>4</string>
			<key>isa</key>
			<string>PBXFileReference</string>
			<key>lastKnownFileType</key>
			<string>sourcecode.c.objc</string>
			<key>path</key>
			<string>RZInterest+RZVinyl.m</string>
			<key>sourceTree</key>
			<string>&lt;group&gt;</string>
		</dict>
		<key>9A75DBC71954E02B00173911</key>
		<dict>
			<key>fileRef</key>
			<string>9A75DBC61954E02B00173911</string>
			<key>isa</key>
			<string>PBXBuildFile</string>
		</dict>
		<key>9A95F0F31948DC8B00139457</key>
		<dict>
			<key>fileEncoding</key>
			<string>4</string>
			<key>isa</key>
			<string>PBXFileReference</string>
			<key>lastKnownFileType</key>
			<string>sourcecode.c.h</string>
			<key>path</key>
			<string>RZCoreDataStack+TestUtils.h</string>
			<key>sourceTree</key>
			<string>&lt;group&gt;</string>
		</dict>
		<key>9A95F0F41948DC8B00139457</key>
		<dict>
			<key>fileEncoding</key>
			<string>4</string>
			<key>isa</key>
			<string>PBXFileReference</string>
			<key>lastKnownFileType</key>
			<string>sourcecode.c.objc</string>
			<key>path</key>
			<string>RZCoreDataStack+TestUtils.m</string>
			<key>sourceTree</key>
			<string>&lt;group&gt;</string>
		</dict>
		<key>9A95F0F51948DC8B00139457</key>
		<dict>
			<key>fileRef</key>
			<string>9A95F0F41948DC8B00139457</string>
			<key>isa</key>
			<string>PBXBuildFile</string>
		</dict>
		<key>9AB90804193FD7F70063445A</key>
		<dict>
			<key>buildActionMask</key>
			<string>2147483647</string>
			<key>files</key>
			<array>
				<string>9AB908791941065F0063445A</string>
				<string>9AB90883194107C30063445A</string>
				<string>9AD8B1CE1944BBD8009C7823</string>
				<string>9AB9087F1941065F0063445A</string>
				<string>9AB9081B193FD8330063445A</string>
				<string>9AB908261940D7BC0063445A</string>
				<string>9AB9088619410A2D0063445A</string>
				<string>9A95F0F51948DC8B00139457</string>
				<string>9A74A5C81946488100A06937</string>
				<string>9AB90876194104860063445A</string>
				<string>9AB9087C1941065F0063445A</string>
				<string>9AD8B1D01944BCE8009C7823</string>
			</array>
			<key>isa</key>
			<string>PBXSourcesBuildPhase</string>
			<key>runOnlyForDeploymentPostprocessing</key>
			<string>0</string>
		</dict>
		<key>9AB90805193FD7F70063445A</key>
		<dict>
			<key>buildActionMask</key>
			<string>2147483647</string>
			<key>files</key>
			<array>
				<string>9AB90809193FD7F70063445A</string>
				<string>9AB9080B193FD7F70063445A</string>
				<string>9AB9080A193FD7F70063445A</string>
				<string>1BE9F4EB675544DEAC43820D</string>
			</array>
			<key>isa</key>
			<string>PBXFrameworksBuildPhase</string>
			<key>runOnlyForDeploymentPostprocessing</key>
			<string>0</string>
		</dict>
		<key>9AB90806193FD7F70063445A</key>
		<dict>
			<key>buildActionMask</key>
			<string>2147483647</string>
			<key>files</key>
			<array>
				<string>9AB9088A194113D60063445A</string>
				<string>9AB90811193FD7F70063445A</string>
			</array>
			<key>isa</key>
			<string>PBXResourcesBuildPhase</string>
			<key>runOnlyForDeploymentPostprocessing</key>
			<string>0</string>
		</dict>
		<key>9AB90807193FD7F70063445A</key>
		<dict>
			<key>buildConfigurationList</key>
			<string>9AB90819193FD7F70063445A</string>
			<key>buildPhases</key>
			<array>
				<string>A5F32E7C18944F1AA2E6A247</string>
				<string>9AB90804193FD7F70063445A</string>
				<string>9AB90805193FD7F70063445A</string>
				<string>9AB90806193FD7F70063445A</string>
				<string>3022719D2D524073B4BCED25</string>
			</array>
			<key>buildRules</key>
			<array/>
			<key>dependencies</key>
			<array>
				<string>9AB90816193FD7F70063445A</string>
			</array>
			<key>isa</key>
			<string>PBXNativeTarget</string>
			<key>name</key>
			<string>RZVinylTests</string>
			<key>productName</key>
			<string>RZVinylTests</string>
			<key>productReference</key>
			<string>9AB90808193FD7F70063445A</string>
			<key>productType</key>
			<string>com.apple.product-type.bundle.unit-test</string>
		</dict>
		<key>9AB90808193FD7F70063445A</key>
		<dict>
			<key>explicitFileType</key>
			<string>wrapper.cfbundle</string>
			<key>includeInIndex</key>
			<string>0</string>
			<key>isa</key>
			<string>PBXFileReference</string>
			<key>path</key>
			<string>RZVinylTests.xctest</string>
			<key>sourceTree</key>
			<string>BUILT_PRODUCTS_DIR</string>
		</dict>
		<key>9AB90809193FD7F70063445A</key>
		<dict>
			<key>fileRef</key>
			<string>9A536146193F90E000E87F4F</string>
			<key>isa</key>
			<string>PBXBuildFile</string>
		</dict>
		<key>9AB9080A193FD7F70063445A</key>
		<dict>
			<key>fileRef</key>
			<string>9A536128193F90E000E87F4F</string>
			<key>isa</key>
			<string>PBXBuildFile</string>
		</dict>
		<key>9AB9080B193FD7F70063445A</key>
		<dict>
			<key>fileRef</key>
			<string>9A53612C193F90E000E87F4F</string>
			<key>isa</key>
			<string>PBXBuildFile</string>
		</dict>
		<key>9AB9080C193FD7F70063445A</key>
		<dict>
			<key>children</key>
			<array>
				<string>9AB908231940D7AC0063445A</string>
				<string>9AB90888194113B50063445A</string>
				<string>9AB9088719410A320063445A</string>
				<string>9AB9081A193FD8330063445A</string>
				<string>9AD8B1D11944BD0C009C7823</string>
				<string>9AD8B1CF1944BCE8009C7823</string>
				<string>9AB90875194104860063445A</string>
				<string>9AD8B1CD1944BBD8009C7823</string>
				<string>9AB9080D193FD7F70063445A</string>
			</array>
			<key>isa</key>
			<string>PBXGroup</string>
			<key>path</key>
			<string>RZVinylTests</string>
			<key>sourceTree</key>
			<string>&lt;group&gt;</string>
		</dict>
		<key>9AB9080D193FD7F70063445A</key>
		<dict>
			<key>children</key>
			<array>
				<string>9AB9080E193FD7F70063445A</string>
				<string>9AB9080F193FD7F70063445A</string>
				<string>9AB90814193FD7F70063445A</string>
			</array>
			<key>isa</key>
			<string>PBXGroup</string>
			<key>path</key>
			<string>Supporting Files</string>
			<key>sourceTree</key>
			<string>&lt;group&gt;</string>
		</dict>
		<key>9AB9080E193FD7F70063445A</key>
		<dict>
			<key>isa</key>
			<string>PBXFileReference</string>
			<key>lastKnownFileType</key>
			<string>text.plist.xml</string>
			<key>path</key>
			<string>RZVinylTests-Info.plist</string>
			<key>sourceTree</key>
			<string>&lt;group&gt;</string>
		</dict>
		<key>9AB9080F193FD7F70063445A</key>
		<dict>
			<key>children</key>
			<array>
				<string>9AB90810193FD7F70063445A</string>
			</array>
			<key>isa</key>
			<string>PBXVariantGroup</string>
			<key>name</key>
			<string>InfoPlist.strings</string>
			<key>sourceTree</key>
			<string>&lt;group&gt;</string>
		</dict>
		<key>9AB90810193FD7F70063445A</key>
		<dict>
			<key>isa</key>
			<string>PBXFileReference</string>
			<key>lastKnownFileType</key>
			<string>text.plist.strings</string>
			<key>name</key>
			<string>en</string>
			<key>path</key>
			<string>en.lproj/InfoPlist.strings</string>
			<key>sourceTree</key>
			<string>&lt;group&gt;</string>
		</dict>
		<key>9AB90811193FD7F70063445A</key>
		<dict>
			<key>fileRef</key>
			<string>9AB9080F193FD7F70063445A</string>
			<key>isa</key>
			<string>PBXBuildFile</string>
		</dict>
		<key>9AB90814193FD7F70063445A</key>
		<dict>
			<key>isa</key>
			<string>PBXFileReference</string>
			<key>lastKnownFileType</key>
			<string>sourcecode.c.h</string>
			<key>path</key>
			<string>RZVinylTests-Prefix.pch</string>
			<key>sourceTree</key>
			<string>&lt;group&gt;</string>
		</dict>
		<key>9AB90815193FD7F70063445A</key>
		<dict>
			<key>containerPortal</key>
			<string>9A53611D193F90E000E87F4F</string>
			<key>isa</key>
			<string>PBXContainerItemProxy</string>
			<key>proxyType</key>
			<string>1</string>
			<key>remoteGlobalIDString</key>
			<string>9A536124193F90E000E87F4F</string>
			<key>remoteInfo</key>
			<string>RZVinylDemo</string>
		</dict>
		<key>9AB90816193FD7F70063445A</key>
		<dict>
			<key>isa</key>
			<string>PBXTargetDependency</string>
			<key>target</key>
			<string>9A536124193F90E000E87F4F</string>
			<key>targetProxy</key>
			<string>9AB90815193FD7F70063445A</string>
		</dict>
		<key>9AB90817193FD7F70063445A</key>
		<dict>
			<key>baseConfigurationReference</key>
			<string>A1D95C7607F3459FBDDA50C6</string>
			<key>buildSettings</key>
			<dict>
				<key>BUNDLE_LOADER</key>
				<string>$(BUILT_PRODUCTS_DIR)/RZVinylDemo.app/RZVinylDemo</string>
				<key>FRAMEWORK_SEARCH_PATHS</key>
				<array>
					<string>$(SDKROOT)/Developer/Library/Frameworks</string>
					<string>$(inherited)</string>
					<string>$(DEVELOPER_FRAMEWORKS_DIR)</string>
				</array>
				<key>GCC_PRECOMPILE_PREFIX_HEADER</key>
				<string>YES</string>
				<key>GCC_PREFIX_HEADER</key>
				<string>RZVinylTests/Supporting Files/RZVinylTests-Prefix.pch</string>
				<key>GCC_PREPROCESSOR_DEFINITIONS</key>
				<array>
					<string>DEBUG=1</string>
					<string>$(inherited)</string>
				</array>
				<key>INFOPLIST_FILE</key>
				<string>RZVinylTests/Supporting Files/RZVinylTests-Info.plist</string>
				<key>IPHONEOS_DEPLOYMENT_TARGET</key>
				<string>7.0</string>
				<key>PRODUCT_NAME</key>
				<string>$(TARGET_NAME)</string>
				<key>TEST_HOST</key>
				<string>$(BUNDLE_LOADER)</string>
				<key>WRAPPER_EXTENSION</key>
				<string>xctest</string>
			</dict>
			<key>isa</key>
			<string>XCBuildConfiguration</string>
			<key>name</key>
			<string>Debug</string>
		</dict>
		<key>9AB90818193FD7F70063445A</key>
		<dict>
			<key>baseConfigurationReference</key>
			<string>A1D95C7607F3459FBDDA50C6</string>
			<key>buildSettings</key>
			<dict>
				<key>BUNDLE_LOADER</key>
				<string>$(BUILT_PRODUCTS_DIR)/RZVinylDemo.app/RZVinylDemo</string>
				<key>FRAMEWORK_SEARCH_PATHS</key>
				<array>
					<string>$(SDKROOT)/Developer/Library/Frameworks</string>
					<string>$(inherited)</string>
					<string>$(DEVELOPER_FRAMEWORKS_DIR)</string>
				</array>
				<key>GCC_PRECOMPILE_PREFIX_HEADER</key>
				<string>YES</string>
				<key>GCC_PREFIX_HEADER</key>
				<string>RZVinylTests/Supporting Files/RZVinylTests-Prefix.pch</string>
				<key>INFOPLIST_FILE</key>
				<string>RZVinylTests/Supporting Files/RZVinylTests-Info.plist</string>
				<key>IPHONEOS_DEPLOYMENT_TARGET</key>
				<string>7.0</string>
				<key>PRODUCT_NAME</key>
				<string>$(TARGET_NAME)</string>
				<key>TEST_HOST</key>
				<string>$(BUNDLE_LOADER)</string>
				<key>WRAPPER_EXTENSION</key>
				<string>xctest</string>
			</dict>
			<key>isa</key>
			<string>XCBuildConfiguration</string>
			<key>name</key>
			<string>Release</string>
		</dict>
		<key>9AB90819193FD7F70063445A</key>
		<dict>
			<key>buildConfigurations</key>
			<array>
				<string>9AB90817193FD7F70063445A</string>
				<string>9AB90818193FD7F70063445A</string>
			</array>
			<key>defaultConfigurationIsVisible</key>
			<string>0</string>
			<key>defaultConfigurationName</key>
			<string>Release</string>
			<key>isa</key>
			<string>XCConfigurationList</string>
		</dict>
		<key>9AB9081A193FD8330063445A</key>
		<dict>
			<key>fileEncoding</key>
			<string>4</string>
			<key>isa</key>
			<string>PBXFileReference</string>
			<key>lastKnownFileType</key>
			<string>sourcecode.c.objc</string>
			<key>path</key>
			<string>RZCoreDataStackConfigTests.m</string>
			<key>sourceTree</key>
			<string>&lt;group&gt;</string>
		</dict>
		<key>9AB9081B193FD8330063445A</key>
		<dict>
			<key>fileRef</key>
			<string>9AB9081A193FD8330063445A</string>
			<key>isa</key>
			<string>PBXBuildFile</string>
		</dict>
		<key>9AB908231940D7AC0063445A</key>
		<dict>
			<key>children</key>
			<array>
				<string>9AB90880194107AA0063445A</string>
				<string>9AB908241940D7BC0063445A</string>
				<string>9AB9087D1941065F0063445A</string>
				<string>9AB9087E1941065F0063445A</string>
				<string>9AB9087A1941065F0063445A</string>
				<string>9AB9087B1941065F0063445A</string>
				<string>9AB908771941065F0063445A</string>
				<string>9AB908781941065F0063445A</string>
			</array>
			<key>isa</key>
			<string>PBXGroup</string>
			<key>path</key>
			<string>Model</string>
			<key>sourceTree</key>
			<string>&lt;group&gt;</string>
		</dict>
		<key>9AB908241940D7BC0063445A</key>
		<dict>
			<key>children</key>
			<array>
				<string>9AB908251940D7BC0063445A</string>
			</array>
			<key>currentVersion</key>
			<string>9AB908251940D7BC0063445A</string>
			<key>isa</key>
			<string>XCVersionGroup</string>
			<key>path</key>
			<string>TestModel.xcdatamodeld</string>
			<key>sourceTree</key>
			<string>&lt;group&gt;</string>
			<key>versionGroupType</key>
			<string>wrapper.xcdatamodel</string>
		</dict>
		<key>9AB908251940D7BC0063445A</key>
		<dict>
			<key>isa</key>
			<string>PBXFileReference</string>
			<key>lastKnownFileType</key>
			<string>wrapper.xcdatamodel</string>
			<key>path</key>
			<string>TestModel.xcdatamodel</string>
			<key>sourceTree</key>
			<string>&lt;group&gt;</string>
		</dict>
		<key>9AB908261940D7BC0063445A</key>
		<dict>
			<key>fileRef</key>
			<string>9AB908241940D7BC0063445A</string>
			<key>isa</key>
			<string>PBXBuildFile</string>
		</dict>
		<key>9AB90875194104860063445A</key>
		<dict>
			<key>fileEncoding</key>
			<string>4</string>
			<key>isa</key>
			<string>PBXFileReference</string>
			<key>lastKnownFileType</key>
			<string>sourcecode.c.objc</string>
			<key>path</key>
			<string>RZVinylRecordTests.m</string>
			<key>sourceTree</key>
			<string>&lt;group&gt;</string>
		</dict>
		<key>9AB90876194104860063445A</key>
		<dict>
			<key>fileRef</key>
			<string>9AB90875194104860063445A</string>
			<key>isa</key>
			<string>PBXBuildFile</string>
		</dict>
		<key>9AB908771941065F0063445A</key>
		<dict>
			<key>fileEncoding</key>
			<string>4</string>
			<key>isa</key>
			<string>PBXFileReference</string>
			<key>lastKnownFileType</key>
			<string>sourcecode.c.h</string>
			<key>path</key>
			<string>Song.h</string>
			<key>sourceTree</key>
			<string>&lt;group&gt;</string>
		</dict>
		<key>9AB908781941065F0063445A</key>
		<dict>
			<key>fileEncoding</key>
			<string>4</string>
			<key>isa</key>
			<string>PBXFileReference</string>
			<key>lastKnownFileType</key>
			<string>sourcecode.c.objc</string>
			<key>path</key>
			<string>Song.m</string>
			<key>sourceTree</key>
			<string>&lt;group&gt;</string>
		</dict>
		<key>9AB908791941065F0063445A</key>
		<dict>
			<key>fileRef</key>
			<string>9AB908781941065F0063445A</string>
			<key>isa</key>
			<string>PBXBuildFile</string>
		</dict>
		<key>9AB9087A1941065F0063445A</key>
		<dict>
			<key>fileEncoding</key>
			<string>4</string>
			<key>isa</key>
			<string>PBXFileReference</string>
			<key>lastKnownFileType</key>
			<string>sourcecode.c.h</string>
			<key>path</key>
			<string>Artist.h</string>
			<key>sourceTree</key>
			<string>&lt;group&gt;</string>
		</dict>
		<key>9AB9087B1941065F0063445A</key>
		<dict>
			<key>fileEncoding</key>
			<string>4</string>
			<key>isa</key>
			<string>PBXFileReference</string>
			<key>lastKnownFileType</key>
			<string>sourcecode.c.objc</string>
			<key>path</key>
			<string>Artist.m</string>
			<key>sourceTree</key>
			<string>&lt;group&gt;</string>
		</dict>
		<key>9AB9087C1941065F0063445A</key>
		<dict>
			<key>fileRef</key>
			<string>9AB9087B1941065F0063445A</string>
			<key>isa</key>
			<string>PBXBuildFile</string>
		</dict>
		<key>9AB9087D1941065F0063445A</key>
		<dict>
			<key>fileEncoding</key>
			<string>4</string>
			<key>isa</key>
			<string>PBXFileReference</string>
			<key>lastKnownFileType</key>
			<string>sourcecode.c.h</string>
			<key>path</key>
			<string>BaseObject.h</string>
			<key>sourceTree</key>
			<string>&lt;group&gt;</string>
		</dict>
		<key>9AB9087E1941065F0063445A</key>
		<dict>
			<key>fileEncoding</key>
			<string>4</string>
			<key>isa</key>
			<string>PBXFileReference</string>
			<key>lastKnownFileType</key>
			<string>sourcecode.c.objc</string>
			<key>path</key>
			<string>BaseObject.m</string>
			<key>sourceTree</key>
			<string>&lt;group&gt;</string>
		</dict>
		<key>9AB9087F1941065F0063445A</key>
		<dict>
			<key>fileRef</key>
			<string>9AB9087E1941065F0063445A</string>
			<key>isa</key>
			<string>PBXBuildFile</string>
		</dict>
		<key>9AB90880194107AA0063445A</key>
		<dict>
			<key>children</key>
			<array>
				<string>9AB90881194107C30063445A</string>
				<string>9AB90882194107C30063445A</string>
				<string>9A74A5C61946488100A06937</string>
				<string>9A74A5C71946488100A06937</string>
			</array>
			<key>isa</key>
			<string>PBXGroup</string>
			<key>path</key>
			<string>RZVinylExtensions</string>
			<key>sourceTree</key>
			<string>&lt;group&gt;</string>
		</dict>
		<key>9AB90881194107C30063445A</key>
		<dict>
			<key>fileEncoding</key>
			<string>4</string>
			<key>isa</key>
			<string>PBXFileReference</string>
			<key>lastKnownFileType</key>
			<string>sourcecode.c.h</string>
			<key>path</key>
			<string>BaseObject+RZVinyl.h</string>
			<key>sourceTree</key>
			<string>&lt;group&gt;</string>
		</dict>
		<key>9AB90882194107C30063445A</key>
		<dict>
			<key>fileEncoding</key>
			<string>4</string>
			<key>isa</key>
			<string>PBXFileReference</string>
			<key>lastKnownFileType</key>
			<string>sourcecode.c.objc</string>
			<key>path</key>
			<string>BaseObject+RZVinyl.m</string>
			<key>sourceTree</key>
			<string>&lt;group&gt;</string>
		</dict>
		<key>9AB90883194107C30063445A</key>
		<dict>
			<key>fileRef</key>
			<string>9AB90882194107C30063445A</string>
			<key>isa</key>
			<string>PBXBuildFile</string>
		</dict>
		<key>9AB9088419410A2D0063445A</key>
		<dict>
			<key>fileEncoding</key>
			<string>4</string>
			<key>isa</key>
			<string>PBXFileReference</string>
			<key>lastKnownFileType</key>
			<string>sourcecode.c.h</string>
			<key>path</key>
			<string>RZWaiter.h</string>
			<key>sourceTree</key>
			<string>&lt;group&gt;</string>
		</dict>
		<key>9AB9088519410A2D0063445A</key>
		<dict>
			<key>fileEncoding</key>
			<string>4</string>
			<key>isa</key>
			<string>PBXFileReference</string>
			<key>lastKnownFileType</key>
			<string>sourcecode.c.objc</string>
			<key>path</key>
			<string>RZWaiter.m</string>
			<key>sourceTree</key>
			<string>&lt;group&gt;</string>
		</dict>
		<key>9AB9088619410A2D0063445A</key>
		<dict>
			<key>fileRef</key>
			<string>9AB9088519410A2D0063445A</string>
			<key>isa</key>
			<string>PBXBuildFile</string>
		</dict>
		<key>9AB9088719410A320063445A</key>
		<dict>
			<key>children</key>
			<array>
				<string>9AB9088419410A2D0063445A</string>
				<string>9AB9088519410A2D0063445A</string>
				<string>9A95F0F31948DC8B00139457</string>
				<string>9A95F0F41948DC8B00139457</string>
			</array>
			<key>isa</key>
			<string>PBXGroup</string>
			<key>path</key>
			<string>Utils</string>
			<key>sourceTree</key>
			<string>&lt;group&gt;</string>
		</dict>
		<key>9AB90888194113B50063445A</key>
		<dict>
			<key>children</key>
			<array>
				<string>9AB90889194113D60063445A</string>
			</array>
			<key>isa</key>
			<string>PBXGroup</string>
			<key>path</key>
			<string>Resources</string>
			<key>sourceTree</key>
			<string>&lt;group&gt;</string>
		</dict>
		<key>9AB90889194113D60063445A</key>
		<dict>
			<key>fileEncoding</key>
			<string>4</string>
			<key>isa</key>
			<string>PBXFileReference</string>
			<key>lastKnownFileType</key>
			<string>text.json</string>
			<key>path</key>
			<string>record_tests.json</string>
			<key>sourceTree</key>
			<string>&lt;group&gt;</string>
		</dict>
		<key>9AB9088A194113D60063445A</key>
		<dict>
			<key>fileRef</key>
			<string>9AB90889194113D60063445A</string>
			<key>isa</key>
			<string>PBXBuildFile</string>
		</dict>
		<key>9AD8B1CD1944BBD8009C7823</key>
		<dict>
			<key>fileEncoding</key>
			<string>4</string>
			<key>isa</key>
			<string>PBXFileReference</string>
			<key>lastKnownFileType</key>
			<string>sourcecode.c.objc</string>
			<key>path</key>
			<string>RZVinylImportTests.m</string>
			<key>sourceTree</key>
			<string>&lt;group&gt;</string>
		</dict>
		<key>9AD8B1CE1944BBD8009C7823</key>
		<dict>
			<key>fileRef</key>
			<string>9AD8B1CD1944BBD8009C7823</string>
			<key>isa</key>
			<string>PBXBuildFile</string>
		</dict>
		<key>9AD8B1CF1944BCE8009C7823</key>
		<dict>
			<key>fileEncoding</key>
			<string>4</string>
			<key>isa</key>
			<string>PBXFileReference</string>
			<key>lastKnownFileType</key>
			<string>sourcecode.c.objc</string>
			<key>path</key>
			<string>RZVinylBaseTestCase.m</string>
			<key>sourceTree</key>
			<string>&lt;group&gt;</string>
		</dict>
		<key>9AD8B1D01944BCE8009C7823</key>
		<dict>
			<key>fileRef</key>
			<string>9AD8B1CF1944BCE8009C7823</string>
			<key>isa</key>
			<string>PBXBuildFile</string>
		</dict>
		<key>9AD8B1D11944BD0C009C7823</key>
		<dict>
			<key>isa</key>
			<string>PBXFileReference</string>
			<key>lastKnownFileType</key>
			<string>sourcecode.c.h</string>
			<key>path</key>
			<string>RZVinylBaseTestCase.h</string>
			<key>sourceTree</key>
			<string>&lt;group&gt;</string>
		</dict>
		<key>9B01E010DBBE44C59D6011E5</key>
		<dict>
			<key>buildActionMask</key>
			<string>2147483647</string>
			<key>files</key>
			<array/>
			<key>inputPaths</key>
			<array/>
			<key>isa</key>
			<string>PBXShellScriptBuildPhase</string>
			<key>name</key>
			<string>Copy Pods Resources</string>
			<key>outputPaths</key>
			<array/>
			<key>runOnlyForDeploymentPostprocessing</key>
			<string>0</string>
			<key>shellPath</key>
			<string>/bin/sh</string>
			<key>shellScript</key>
			<string>"${SRCROOT}/Pods/Pods-resources.sh"
</string>
			<key>showEnvVarsInLog</key>
			<string>0</string>
		</dict>
		<key>A1D95C7607F3459FBDDA50C6</key>
		<dict>
			<key>includeInIndex</key>
			<string>1</string>
			<key>isa</key>
			<string>PBXFileReference</string>
			<key>lastKnownFileType</key>
			<string>text.xcconfig</string>
			<key>name</key>
			<string>Pods.xcconfig</string>
			<key>path</key>
			<string>Pods/Pods.xcconfig</string>
			<key>sourceTree</key>
			<string>&lt;group&gt;</string>
		</dict>
		<key>A5F32E7C18944F1AA2E6A247</key>
		<dict>
			<key>buildActionMask</key>
			<string>2147483647</string>
			<key>files</key>
			<array/>
			<key>inputPaths</key>
			<array/>
			<key>isa</key>
			<string>PBXShellScriptBuildPhase</string>
			<key>name</key>
			<string>Check Pods Manifest.lock</string>
			<key>outputPaths</key>
			<array/>
			<key>runOnlyForDeploymentPostprocessing</key>
			<string>0</string>
			<key>shellPath</key>
			<string>/bin/sh</string>
			<key>shellScript</key>
			<string>diff "${PODS_ROOT}/../Podfile.lock" "${PODS_ROOT}/Manifest.lock" &gt; /dev/null
if [[ $? != 0 ]] ; then
    cat &lt;&lt; EOM
error: The sandbox is not in sync with the Podfile.lock. Run 'pod install' or update your CocoaPods installation.
EOM
    exit 1
fi
</string>
			<key>showEnvVarsInLog</key>
			<string>0</string>
		</dict>
		<key>BFA85CBDC67442B2A5052135</key>
		<dict>
			<key>explicitFileType</key>
			<string>archive.ar</string>
			<key>includeInIndex</key>
			<string>0</string>
			<key>isa</key>
			<string>PBXFileReference</string>
			<key>path</key>
			<string>libPods.a</string>
			<key>sourceTree</key>
			<string>BUILT_PRODUCTS_DIR</string>
		</dict>
	</dict>
	<key>rootObject</key>
	<string>9A53611D193F90E000E87F4F</string>
</dict>
</plist>
